# THIS IS AN AUTOGENERATED FILE. DO NOT EDIT THIS FILE DIRECTLY.
# yarn lockfile v1


abbrev@1:
  version "1.0.9"
  resolved "https://registry.yarnpkg.com/abbrev/-/abbrev-1.0.9.tgz#91b4792588a7738c25f35dd6f63752a2f8776135"

ansi-escapes@1.4.0, ansi-escapes@^1.1.0, ansi-escapes@^1.3.0:
  version "1.4.0"
  resolved "https://registry.yarnpkg.com/ansi-escapes/-/ansi-escapes-1.4.0.tgz#d3a8a83b319aa67793662b13e761c7911422306e"

ansi-regex@^2.0.0:
  version "2.1.1"
  resolved "https://registry.yarnpkg.com/ansi-regex/-/ansi-regex-2.1.1.tgz#c3b33ab5ee360d86e0e628f0468ae7ef27d654df"

ansi-styles@^2.2.1:
  version "2.2.1"
  resolved "https://registry.yarnpkg.com/ansi-styles/-/ansi-styles-2.2.1.tgz#b432dd3358b634cf75e1e4664368240533c1ddbe"

ansicolors@~0.2.1:
  version "0.2.1"
  resolved "https://registry.yarnpkg.com/ansicolors/-/ansicolors-0.2.1.tgz#be089599097b74a5c9c4a84a0cdbcdb62bd87aef"

any-promise@^1.0.0:
  version "1.3.0"
  resolved "https://registry.yarnpkg.com/any-promise/-/any-promise-1.3.0.tgz#abc6afeedcea52e809cdc0376aed3ce39635d17f"

app-path@^2.1.0:
  version "2.2.0"
  resolved "https://registry.yarnpkg.com/app-path/-/app-path-2.2.0.tgz#2af5c2b544a40e15fc1ac55548314397460845d0"
  dependencies:
    execa "^0.4.0"

array-filter@~0.0.0:
  version "0.0.1"
  resolved "https://registry.yarnpkg.com/array-filter/-/array-filter-0.0.1.tgz#7da8cf2e26628ed732803581fd21f67cacd2eeec"

array-map@~0.0.0:
  version "0.0.0"
  resolved "https://registry.yarnpkg.com/array-map/-/array-map-0.0.0.tgz#88a2bab73d1cf7bcd5c1b118a003f66f665fa662"

array-reduce@~0.0.0:
  version "0.0.0"
  resolved "https://registry.yarnpkg.com/array-reduce/-/array-reduce-0.0.0.tgz#173899d3ffd1c7d9383e4479525dbe278cab5f2b"

asn1@~0.2.0:
  version "0.2.3"
  resolved "https://registry.yarnpkg.com/asn1/-/asn1-0.2.3.tgz#dac8787713c9966849fc8180777ebe9c1ddf3b86"

base64-js@1.1.2:
  version "1.1.2"
  resolved "https://registry.yarnpkg.com/base64-js/-/base64-js-1.1.2.tgz#d6400cac1c4c660976d90d07a04351d89395f5e8"

bluebird@3.4.7:
  version "3.4.7"
  resolved "https://registry.yarnpkg.com/bluebird/-/bluebird-3.4.7.tgz#f72d760be09b7f76d08ed8fae98b289a8d05fab3"

bluebird@^2.9.21:
  version "2.11.0"
  resolved "https://registry.yarnpkg.com/bluebird/-/bluebird-2.11.0.tgz#534b9033c022c9579c56ba3b3e5a5caafbb650e1"

bytes@2.4.0:
  version "2.4.0"
  resolved "https://registry.yarnpkg.com/bytes/-/bytes-2.4.0.tgz#7d97196f9d5baf7f6935e25985549edd2a6c2339"

capture-stack-trace@^1.0.0:
  version "1.0.0"
  resolved "https://registry.yarnpkg.com/capture-stack-trace/-/capture-stack-trace-1.0.0.tgz#4a6fa07399c26bba47f0b2496b4d0fb408c5550d"

cardinal@1.0.0:
  version "1.0.0"
  resolved "https://registry.yarnpkg.com/cardinal/-/cardinal-1.0.0.tgz#50e21c1b0aa37729f9377def196b5a9cec932ee9"
  dependencies:
    ansicolors "~0.2.1"
    redeyed "~1.0.0"

chalk@^1.0.0, chalk@^1.1.1, chalk@^1.1.3:
  version "1.1.3"
  resolved "https://registry.yarnpkg.com/chalk/-/chalk-1.1.3.tgz#a8115c55e4a702fe4d150abd3872822a7e09fc98"
  dependencies:
    ansi-styles "^2.2.1"
    escape-string-regexp "^1.0.2"
    has-ansi "^2.0.0"
    strip-ansi "^3.0.0"
    supports-color "^2.0.0"

cli-cursor@^2.1.0:
  version "2.1.0"
  resolved "https://registry.yarnpkg.com/cli-cursor/-/cli-cursor-2.1.0.tgz#b35dac376479facc3e94747d41d0d0f5238ffcb5"
  dependencies:
    restore-cursor "^2.0.0"

cli-width@^2.0.0:
  version "2.1.0"
  resolved "https://registry.yarnpkg.com/cli-width/-/cli-width-2.1.0.tgz#b234ca209b29ef66fc518d9b98d5847b00edf00a"

co-wait@0.0.0:
  version "0.0.0"
  resolved "https://registry.yarnpkg.com/co-wait/-/co-wait-0.0.0.tgz#c22372032218edbf6ed915e433546c21e445628b"

co@4.6.0:
  version "4.6.0"
  resolved "https://registry.yarnpkg.com/co/-/co-4.6.0.tgz#6ea6bdf3d853ae54ccb8e47bfa0bf3f9031fb184"

commander@~2.9.0:
  version "2.9.0"
  resolved "https://registry.yarnpkg.com/commander/-/commander-2.9.0.tgz#9c99094176e12240cb22d6c5146098400fe0f7d4"
  dependencies:
    graceful-readlink ">= 1.0.0"

core-util-is@~1.0.0:
  version "1.0.2"
  resolved "https://registry.yarnpkg.com/core-util-is/-/core-util-is-1.0.2.tgz#b5fd54220aa2bc5ab57aab7140c940754503c1a7"

create-error-class@^3.0.0:
  version "3.0.2"
  resolved "https://registry.yarnpkg.com/create-error-class/-/create-error-class-3.0.2.tgz#06be7abef947a3f14a30fd610671d401bca8b7b6"
  dependencies:
    capture-stack-trace "^1.0.0"

cross-spawn-async@^2.1.1:
  version "2.2.5"
  resolved "https://registry.yarnpkg.com/cross-spawn-async/-/cross-spawn-async-2.2.5.tgz#845ff0c0834a3ded9d160daca6d390906bb288cc"
  dependencies:
    lru-cache "^4.0.0"
    which "^1.2.8"

debug@2.2.0:
  version "2.2.0"
  resolved "https://registry.yarnpkg.com/debug/-/debug-2.2.0.tgz#f87057e995b1a1f6ae6a4960664137bc56f039da"
  dependencies:
    ms "0.7.1"

debug@2.6.0, debug@^2.1.3, debug@^2.2.0:
  version "2.6.0"
  resolved "https://registry.yarnpkg.com/debug/-/debug-2.6.0.tgz#bc596bcabe7617f11d9fa15361eded5608b8499b"
  dependencies:
    ms "0.7.2"

double-ended-queue@^2.1.0-0:
  version "2.1.0-0"
  resolved "https://registry.yarnpkg.com/double-ended-queue/-/double-ended-queue-2.1.0-0.tgz#103d3527fd31528f40188130c841efdd78264e5c"

duplexer3@^0.1.4:
  version "0.1.4"
  resolved "https://registry.yarnpkg.com/duplexer3/-/duplexer3-0.1.4.tgz#ee01dd1cac0ed3cbc7fdbea37dc0a8f1ce002ce2"

escape-string-regexp@^1.0.2, escape-string-regexp@^1.0.5:
  version "1.0.5"
  resolved "https://registry.yarnpkg.com/escape-string-regexp/-/escape-string-regexp-1.0.5.tgz#1b61c0562190a8dff6ae3bb2cf0200ca130b86d4"

esprima@~3.0.0:
  version "3.0.0"
  resolved "https://registry.yarnpkg.com/esprima/-/esprima-3.0.0.tgz#53cf247acda77313e551c3aa2e73342d3fb4f7d9"

eventemitter3@1.x.x:
  version "1.2.0"
  resolved "https://registry.yarnpkg.com/eventemitter3/-/eventemitter3-1.2.0.tgz#1c86991d816ad1e504750e73874224ecf3bec508"

execa@^0.4.0:
  version "0.4.0"
  resolved "https://registry.yarnpkg.com/execa/-/execa-0.4.0.tgz#4eb6467a36a095fabb2970ff9d5e3fb7bce6ebc3"
  dependencies:
    cross-spawn-async "^2.1.1"
    is-stream "^1.1.0"
    npm-run-path "^1.0.0"
    object-assign "^4.0.1"
    path-key "^1.0.0"
    strip-eof "^1.0.0"

external-editor@^2.0.1:
  version "2.0.1"
  resolved "https://registry.yarnpkg.com/external-editor/-/external-editor-2.0.1.tgz#4c597c6c88fa6410e41dbbaa7b1be2336aa31095"
  dependencies:
    tmp "^0.0.31"

figures@^2.0.0:
  version "2.0.0"
  resolved "https://registry.yarnpkg.com/figures/-/figures-2.0.0.tgz#3ab1a2d2a62c8bfb431a0c94cb797a2fce27c962"
  dependencies:
    escape-string-regexp "^1.0.5"

filesize@3.5.4:
  version "3.5.4"
  resolved "https://registry.yarnpkg.com/filesize/-/filesize-3.5.4.tgz#742fc7fb6aef4ee3878682600c22f840731e1fda"

flexbuffer@0.0.6:
  version "0.0.6"
  resolved "https://registry.yarnpkg.com/flexbuffer/-/flexbuffer-0.0.6.tgz#039fdf23f8823e440c38f3277e6fef1174215b30"

foreman@2.0.0:
  version "2.0.0"
  resolved "https://registry.yarnpkg.com/foreman/-/foreman-2.0.0.tgz#00acd20f9dbbe2f79d04697bcca2a77ee00ee031"
  dependencies:
    commander "~2.9.0"
    http-proxy "~1.11.1"
    mustache "^2.2.1"
    shell-quote "~1.4.2"

get-stream@^3.0.0:
  version "3.0.0"
  resolved "https://registry.yarnpkg.com/get-stream/-/get-stream-3.0.0.tgz#8e943d1358dc37555054ecbe2edb05aa174ede14"

got@^6.3.0, got@^6.7.1:
  version "6.7.1"
  resolved "https://registry.yarnpkg.com/got/-/got-6.7.1.tgz#240cd05785a9a18e561dc1b44b41c763ef1e8db0"
  dependencies:
    create-error-class "^3.0.0"
    duplexer3 "^0.1.4"
    get-stream "^3.0.0"
    is-redirect "^1.0.0"
    is-retry-allowed "^1.0.0"
    is-stream "^1.0.0"
    lowercase-keys "^1.0.0"
    safe-buffer "^5.0.1"
    timed-out "^4.0.0"
    unzip-response "^2.0.1"
    url-parse-lax "^1.0.0"

"graceful-readlink@>= 1.0.0":
  version "1.0.1"
  resolved "https://registry.yarnpkg.com/graceful-readlink/-/graceful-readlink-1.0.1.tgz#4cafad76bc62f02fa039b2f94e9a3dd3a391a725"

has-ansi@^2.0.0:
  version "2.0.0"
  resolved "https://registry.yarnpkg.com/has-ansi/-/has-ansi-2.0.0.tgz#34f5049ce1ecdf2b0649af3ef24e45ed35416d91"
  dependencies:
    ansi-regex "^2.0.0"

has-flag@^1.0.0:
  version "1.0.0"
  resolved "https://registry.yarnpkg.com/has-flag/-/has-flag-1.0.0.tgz#9d9e793165ce017a00f00418c43f942a7b1d11fa"

here@0.0.2:
  version "0.0.2"
  resolved "https://registry.yarnpkg.com/here/-/here-0.0.2.tgz#69c1af3f02121f3d8788e02e84dc8b3905d71195"

heroku-apps@2.2.2:
  version "2.2.2"
  resolved "https://registry.yarnpkg.com/heroku-apps/-/heroku-apps-2.2.2.tgz#a2dc271fc3ac378a7cedbd6c224927d5f5f9566b"
  dependencies:
    bluebird "3.4.7"
    co "4.6.0"
    co-wait "0.0.0"
    filesize "3.5.4"
    heroku-cli-util "6.1.8"
    inquirer "3.0.1"
    lodash "4.17.4"
    lodash.compact "3.0.1"
    lodash.countby "4.6.0"
    lodash.findindex "4.6.0"
    lodash.flatten "4.4.0"
    lodash.foreach "4.5.0"
    lodash.frompairs "4.0.1"
    lodash.groupby "4.6.0"
    lodash.map "4.6.0"
    lodash.mapkeys "4.6.0"
    lodash.mean "4.1.0"
    lodash.pad "4.5.1"
    lodash.partition "4.6.0"
    lodash.pickby "4.6.0"
    lodash.reduce "4.6.0"
    lodash.round "4.0.4"
    lodash.sortby "4.7.0"
    lodash.sum "4.0.2"
    lodash.sumby "4.6.0"
    lodash.topairs "4.3.0"
    lodash.truncate "4.4.2"
    lodash.values "4.3.0"
    lodash.zip "4.2.0"
    mkdirp "0.5.1"
    mz "2.6.0"
    shell-escape "0.2.0"
    sparkline "0.1.2"
    strftime "0.10.0"
    string "3.3.3"
    term-img "1.0.0"

heroku-certs@1.1.30:
  version "1.1.30"
  resolved "https://registry.yarnpkg.com/heroku-certs/-/heroku-certs-1.1.30.tgz#921f453dd01546ed7b8f8bde8a324990342e11a6"
  dependencies:
    co "4.6.0"
    co-wait "0.0.0"
    heroku-cli-util "6.1.6"
    inquirer "3.0.1"
    lodash "4.17.4"
    moment "2.17.1"
    psl "1.1.16"

heroku-cli-addons@1.2.10:
  version "1.2.10"
  resolved "https://registry.yarnpkg.com/heroku-cli-addons/-/heroku-cli-addons-1.2.10.tgz#0613c015fd86bbbf5469bac28d37a7435f09ef77"
  dependencies:
    co "4.6.0"
    co-wait "0.0.0"
    heroku-cli-util "6.1.6"
    lodash.flatten "4.4.0"
    lodash.groupby "4.6.0"
    lodash.memoize "4.1.2"
    lodash.merge "4.6.0"
    lodash.some "4.6.0"
    lodash.sortby "4.7.0"
    lodash.topairs "4.3.0"
    lodash.values "4.3.0"
    printf "0.2.5"

heroku-cli-addons@1.2.7:
  version "1.2.7"
  resolved "https://registry.yarnpkg.com/heroku-cli-addons/-/heroku-cli-addons-1.2.7.tgz#08a9a3cce2bd3697aad4cb4258c82c0df88fdfd2"
  dependencies:
    co "4.6.0"
    co-wait "0.0.0"
    heroku-cli-util "6.1.4"
    lodash.flatten "4.4.0"
    lodash.groupby "4.6.0"
    lodash.memoize "4.1.2"
    lodash.merge "4.6.0"
    lodash.some "4.6.0"
    lodash.sortby "4.7.0"
    lodash.topairs "4.3.0"
    lodash.values "4.3.0"
    printf "0.2.5"

heroku-cli-oauth@2.0.7:
  version "2.0.7"
  resolved "https://registry.yarnpkg.com/heroku-cli-oauth/-/heroku-cli-oauth-2.0.7.tgz#dc85a29a8d60f83beba2399664ad22949e7dc128"
  dependencies:
    co "4.6.0"
    heroku-cli-util "6.1.6"
    lodash "4.17.4"

heroku-cli-util@6.1.4:
  version "6.1.4"
  resolved "https://registry.yarnpkg.com/heroku-cli-util/-/heroku-cli-util-6.1.4.tgz#4bc98647c5d80370aae189b16b016d69b6ec4d32"
  dependencies:
    ansi-escapes "1.4.0"
    cardinal "1.0.0"
    chalk "^1.1.3"
    co "4.6.0"
    got "^6.3.0"
    heroku-client "3.0.1"
    lodash.ary "4.1.1"
    lodash.defaults "4.2.0"
    lodash.get "4.4.2"
    lodash.identity "3.0.0"
    lodash.keys "4.2.0"
    lodash.mapvalues "4.6.0"
    lodash.noop "3.0.1"
    lodash.partial "4.2.1"
    lodash.pickby "4.6.0"
    lodash.property "4.4.2"
    lodash.repeat "4.1.0"
    lodash.result "4.5.2"
    opn "^3.0.3"
    supports-color "^3.1.2"
    tunnel-agent "^0.4.3"

heroku-cli-util@6.1.6:
  version "6.1.6"
  resolved "https://registry.yarnpkg.com/heroku-cli-util/-/heroku-cli-util-6.1.6.tgz#1be370d01faed4ea175cc998129f9ebe514b1bb9"
  dependencies:
    ansi-escapes "1.4.0"
    cardinal "1.0.0"
    chalk "^1.1.3"
    co "4.6.0"
    got "^6.3.0"
    heroku-client "3.0.2"
    lodash.ary "4.1.1"
    lodash.defaults "4.2.0"
    lodash.get "4.4.2"
    lodash.identity "3.0.0"
    lodash.keys "4.2.0"
    lodash.mapvalues "4.6.0"
    lodash.noop "3.0.1"
    lodash.partial "4.2.1"
    lodash.pickby "4.6.0"
    lodash.property "4.4.2"
    lodash.repeat "4.1.0"
    lodash.result "4.5.2"
    opn "^3.0.3"
    supports-color "^3.1.2"
    tunnel-agent "^0.4.3"

heroku-cli-util@6.1.8:
  version "6.1.8"
  resolved "https://registry.yarnpkg.com/heroku-cli-util/-/heroku-cli-util-6.1.8.tgz#86e9b1475537ff88a0dffd8f8497dfe50872a066"
  dependencies:
    ansi-escapes "1.4.0"
    cardinal "1.0.0"
    chalk "^1.1.3"
    co "4.6.0"
    got "^6.3.0"
    heroku-client "3.0.2"
    lodash.ary "4.1.1"
    lodash.defaults "4.2.0"
    lodash.get "4.4.2"
    lodash.identity "3.0.0"
    lodash.keys "4.2.0"
    lodash.mapvalues "4.6.0"
    lodash.noop "3.0.1"
    lodash.partial "4.2.1"
    lodash.pickby "4.6.0"
    lodash.property "4.4.2"
    lodash.repeat "4.1.0"
    lodash.result "4.5.2"
    netrc-parser "2.0.1"
    opn "^3.0.3"
    supports-color "^3.1.2"
    tunnel-agent "^0.4.3"

heroku-client@2.4.0:
  version "2.4.0"
  resolved "https://registry.yarnpkg.com/heroku-client/-/heroku-client-2.4.0.tgz#ae6282f04872334143cb6750949cab8b88f88222"
  dependencies:
    inflection "^1.7.0"
    path-proxy "^1.0"
    q "^1.2.0"
    tunnel-agent "^0.4.0"

heroku-client@3.0.1:
  version "3.0.1"
  resolved "https://registry.yarnpkg.com/heroku-client/-/heroku-client-3.0.1.tgz#9c6a3c54ceeb805b45c3833926bf8ef0d1fb7ca5"
  dependencies:
    debug "^2.2.0"
    is-retry-allowed "^1.0.0"
    tunnel-agent "^0.4.0"

heroku-client@3.0.2:
  version "3.0.2"
  resolved "https://registry.yarnpkg.com/heroku-client/-/heroku-client-3.0.2.tgz#7e06f303ff18f7a0731725dcccbe210b76198657"
  dependencies:
    debug "^2.2.0"
    is-retry-allowed "^1.0.0"
    tunnel-agent "^0.4.0"

heroku-fork@4.1.17:
  version "4.1.17"
  resolved "https://registry.yarnpkg.com/heroku-fork/-/heroku-fork-4.1.17.tgz#9fdb236f46f664d159af07583d550c4338ac3be1"
  dependencies:
    co "4.6.0"
    heroku-cli-addons "1.2.10"
    heroku-cli-util "6.1.6"
    lodash "4.17.4"

heroku-git@2.5.11:
  version "2.5.11"
  resolved "https://registry.yarnpkg.com/heroku-git/-/heroku-git-2.5.11.tgz#631ee0c629436a5c7c4c316117a9262ef738da3b"
  dependencies:
    co "4.6.0"
    heroku-cli-util "6.1.6"

heroku-local@5.1.9:
  version "5.1.9"
  resolved "https://registry.yarnpkg.com/heroku-local/-/heroku-local-5.1.9.tgz#706d2cb0e380a6cf34357eb6be5380befb0ff938"
  dependencies:
    co "4.6.0"
    foreman "2.0.0"
    heroku-cli-util "6.1.6"

heroku-orgs@1.5.7:
  version "1.5.7"
  resolved "https://registry.yarnpkg.com/heroku-orgs/-/heroku-orgs-1.5.7.tgz#477dab5c289185f8671d474aac610378e560b780"
  dependencies:
    co "4.6.0"
    heroku-cli-util "6.1.6"
    inquirer "3.0.6"
    lodash "4.17.4"
    lodash.flatten "4.4.0"

heroku-pg@2.0.17:
  version "2.0.17"
  resolved "https://registry.yarnpkg.com/heroku-pg/-/heroku-pg-2.0.17.tgz#8ad65932136bba404b88c6453edc7eb607fbab07"
  dependencies:
    bytes "2.4.0"
    co "4.6.0"
    co-wait "0.0.0"
    debug "2.6.0"
    filesize "3.5.4"
    heroku-cli-addons "1.2.7"
    heroku-cli-util "6.1.6"
    lodash.capitalize "4.2.1"
    lodash.flatten "4.4.0"
    lodash.sample "4.2.1"
    lodash.sortby "4.7.0"
    lodash.uniqby "4.7.0"
    mkdirp "0.5.1"
    smooth-progress "1.1.0"
    string "3.3.3"
    strip-eof "1.0.0"
    tunnel-ssh "4.1.1"

heroku-pipelines@1.4.0:
  version "1.4.0"
  resolved "https://registry.yarnpkg.com/heroku-pipelines/-/heroku-pipelines-1.4.0.tgz#95a51b4698325865b3d3b70425c89558cd647039"
  dependencies:
    bluebird "3.4.7"
    co "4.6.0"
    got "^6.7.1"
    heroku-cli-util "6.1.6"
    inflection "1.12.0"
    inquirer "3.0.1"
    string-just "0.0.2"
    validator "6.2.1"

heroku-redis@1.2.9:
  version "1.2.9"
  resolved "https://registry.yarnpkg.com/heroku-redis/-/heroku-redis-1.2.9.tgz#1b3123a07b8eb5c1aebe9c36701df2bf31db0c40"
  dependencies:
    co "4.6.0"
    heroku-cli-util "6.1.6"
    heroku-client "2.4.0"
    ioredis "1.9.0"
    ssh2 "0.4.11"

heroku-run@3.4.4:
  version "3.4.4"
  resolved "https://registry.yarnpkg.com/heroku-run/-/heroku-run-3.4.4.tgz#d69ed5558d5302dc2e24f0583f57e16c2c678513"
  dependencies:
    co "4.6.0"
    heroku-cli-util "6.1.6"
    shellwords "0.1.0"

heroku-spaces@2.7.3:
  version "2.7.3"
  resolved "https://registry.yarnpkg.com/heroku-spaces/-/heroku-spaces-2.7.3.tgz#931c8ead2410888f6527e4a146ec75c2ca55cab6"
  dependencies:
    co "4.6.0"
    heroku-cli-util "6.1.6"
    lodash.sortby "4.7.0"

heroku-status@3.0.6:
  version "3.0.6"
  resolved "https://registry.yarnpkg.com/heroku-status/-/heroku-status-3.0.6.tgz#294abe5cad8ae208edbde3dfd450333ba4835d2f"
  dependencies:
    co "4.6.0"
    heroku-cli-util "6.1.6"
    lodash.maxby "4.6.0"
    lodash.padend "4.6.1"
    moment "2.17.1"
    sprintf-js "^1.0.3"

http-proxy@~1.11.1:
  version "1.11.3"
  resolved "https://registry.yarnpkg.com/http-proxy/-/http-proxy-1.11.3.tgz#1915dc888751e2a6bf3c2abfcb1808fa86c72353"
  dependencies:
    eventemitter3 "1.x.x"
    requires-port "0.x.x"

inflection@1.12.0, inflection@^1.7.0:
  version "1.12.0"
  resolved "https://registry.yarnpkg.com/inflection/-/inflection-1.12.0.tgz#a200935656d6f5f6bc4dc7502e1aecb703228416"

inflection@~1.3.0:
  version "1.3.8"
  resolved "https://registry.yarnpkg.com/inflection/-/inflection-1.3.8.tgz#cbd160da9f75b14c3cc63578d4f396784bf3014e"

inherits@~2.0.1:
  version "2.0.3"
  resolved "https://registry.yarnpkg.com/inherits/-/inherits-2.0.3.tgz#633c2c83e3da42a502f52466022480f4208261de"

inquirer@3.0.1:
  version "3.0.1"
  resolved "https://registry.yarnpkg.com/inquirer/-/inquirer-3.0.1.tgz#6dfbffaf4d697dd76c8fe349f919de01c28afc4d"
  dependencies:
    ansi-escapes "^1.1.0"
    chalk "^1.0.0"
    cli-cursor "^2.1.0"
    cli-width "^2.0.0"
    external-editor "^2.0.1"
    figures "^2.0.0"
    lodash "^4.3.0"
    mute-stream "0.0.7"
    run-async "^2.2.0"
    rx "^4.1.0"
    string-width "^2.0.0"
    strip-ansi "^3.0.0"
    through "^2.3.6"

inquirer@3.0.6:
  version "3.0.6"
  resolved "https://registry.yarnpkg.com/inquirer/-/inquirer-3.0.6.tgz#e04aaa9d05b7a3cb9b0f407d04375f0447190347"
  dependencies:
    ansi-escapes "^1.1.0"
    chalk "^1.0.0"
    cli-cursor "^2.1.0"
    cli-width "^2.0.0"
    external-editor "^2.0.1"
    figures "^2.0.0"
    lodash "^4.3.0"
    mute-stream "0.0.7"
    run-async "^2.2.0"
    rx "^4.1.0"
    string-width "^2.0.0"
    strip-ansi "^3.0.0"
    through "^2.3.6"

ioredis@1.9.0:
  version "1.9.0"
  resolved "https://registry.yarnpkg.com/ioredis/-/ioredis-1.9.0.tgz#493eda994d15b23e487b5e83e71ba505b0934b81"
  dependencies:
    bluebird "^2.9.21"
    debug "^2.1.3"
    double-ended-queue "^2.1.0-0"
    flexbuffer "0.0.6"
    lodash "^3.6.0"

is-fullwidth-code-point@^2.0.0:
  version "2.0.0"
  resolved "https://registry.yarnpkg.com/is-fullwidth-code-point/-/is-fullwidth-code-point-2.0.0.tgz#a3b30a5c4f199183167aaab93beefae3ddfb654f"

is-promise@^2.1.0:
  version "2.1.0"
  resolved "https://registry.yarnpkg.com/is-promise/-/is-promise-2.1.0.tgz#79a2a9ece7f096e80f36d2b2f3bc16c1ff4bf3fa"

is-redirect@^1.0.0:
  version "1.0.0"
  resolved "https://registry.yarnpkg.com/is-redirect/-/is-redirect-1.0.0.tgz#1d03dded53bd8db0f30c26e4f95d36fc7c87dc24"

is-retry-allowed@^1.0.0:
  version "1.1.0"
  resolved "https://registry.yarnpkg.com/is-retry-allowed/-/is-retry-allowed-1.1.0.tgz#11a060568b67339444033d0125a61a20d564fb34"

is-stream@^1.0.0, is-stream@^1.1.0:
  version "1.1.0"
  resolved "https://registry.yarnpkg.com/is-stream/-/is-stream-1.1.0.tgz#12d4a3dd4e68e0b79ceb8dbc84173ae80d91ca44"

isarray@0.0.1:
  version "0.0.1"
  resolved "https://registry.yarnpkg.com/isarray/-/isarray-0.0.1.tgz#8a18acfca9a8f4177e09abfc6038939b05d1eedf"

isexe@^1.1.1:
  version "1.1.2"
  resolved "https://registry.yarnpkg.com/isexe/-/isexe-1.1.2.tgz#36f3e22e60750920f5e7241a476a8c6a42275ad0"

iterm2-version@^2.1.0:
  version "2.3.0"
  resolved "https://registry.yarnpkg.com/iterm2-version/-/iterm2-version-2.3.0.tgz#ae64000461e02b5f1fe5331f0b9f0ec71ce0e138"
  dependencies:
    app-path "^2.1.0"
    plist "^2.0.1"

jsonify@~0.0.0:
  version "0.0.0"
  resolved "https://registry.yarnpkg.com/jsonify/-/jsonify-0.0.0.tgz#2c74b6ee41d93ca51b7b5aaee8f503631d252a73"

lex@^1.7.9:
  version "1.7.9"
  resolved "https://registry.yarnpkg.com/lex/-/lex-1.7.9.tgz#5d5636ccef574348362938b79a47f0eed8ed0d43"

lodash.ary@4.1.1:
  version "4.1.1"
  resolved "https://registry.yarnpkg.com/lodash.ary/-/lodash.ary-4.1.1.tgz#66065fa91bacc7a034d9c8fce52f83d3c7e40212"

lodash.capitalize@4.2.1:
  version "4.2.1"
  resolved "https://registry.yarnpkg.com/lodash.capitalize/-/lodash.capitalize-4.2.1.tgz#f826c9b4e2a8511d84e3aca29db05e1a4f3b72a9"

lodash.compact@3.0.1:
  version "3.0.1"
  resolved "https://registry.yarnpkg.com/lodash.compact/-/lodash.compact-3.0.1.tgz#540ce3837745975807471e16b4a2ba21e7256ca5"

lodash.countby@4.6.0:
  version "4.6.0"
  resolved "https://registry.yarnpkg.com/lodash.countby/-/lodash.countby-4.6.0.tgz#5351f24de16724a0059b561f920b0d80af78a33c"

lodash.defaults@4.2.0, lodash.defaults@^4.1.0:
  version "4.2.0"
  resolved "https://registry.yarnpkg.com/lodash.defaults/-/lodash.defaults-4.2.0.tgz#d09178716ffea4dde9e5fb7b37f6f0802274580c"

lodash.findindex@4.6.0:
  version "4.6.0"
  resolved "https://registry.yarnpkg.com/lodash.findindex/-/lodash.findindex-4.6.0.tgz#a3245dee61fb9b6e0624b535125624bb69c11106"

lodash.flatten@4.4.0:
  version "4.4.0"
  resolved "https://registry.yarnpkg.com/lodash.flatten/-/lodash.flatten-4.4.0.tgz#f31c22225a9632d2bbf8e4addbef240aa765a61f"

lodash.foreach@4.5.0:
  version "4.5.0"
  resolved "https://registry.yarnpkg.com/lodash.foreach/-/lodash.foreach-4.5.0.tgz#1a6a35eace401280c7f06dddec35165ab27e3e53"

lodash.frompairs@4.0.1:
  version "4.0.1"
  resolved "https://registry.yarnpkg.com/lodash.frompairs/-/lodash.frompairs-4.0.1.tgz#bc4e5207fa2757c136e573614e9664506b2b1bd2"

lodash.get@4.4.2:
  version "4.4.2"
  resolved "https://registry.yarnpkg.com/lodash.get/-/lodash.get-4.4.2.tgz#2d177f652fa31e939b4438d5341499dfa3825e99"

lodash.groupby@4.6.0:
  version "4.6.0"
  resolved "https://registry.yarnpkg.com/lodash.groupby/-/lodash.groupby-4.6.0.tgz#0b08a1dcf68397c397855c3239783832df7403d1"

lodash.identity@3.0.0:
  version "3.0.0"
  resolved "https://registry.yarnpkg.com/lodash.identity/-/lodash.identity-3.0.0.tgz#ad7bc6a4e647d79c972e1b80feef7af156267876"

lodash.keys@4.2.0:
  version "4.2.0"
  resolved "https://registry.yarnpkg.com/lodash.keys/-/lodash.keys-4.2.0.tgz#a08602ac12e4fb83f91fc1fb7a360a4d9ba35205"

lodash.map@4.6.0:
  version "4.6.0"
  resolved "https://registry.yarnpkg.com/lodash.map/-/lodash.map-4.6.0.tgz#771ec7839e3473d9c4cde28b19394c3562f4f6d3"

lodash.mapkeys@4.6.0:
  version "4.6.0"
  resolved "https://registry.yarnpkg.com/lodash.mapkeys/-/lodash.mapkeys-4.6.0.tgz#df2cfa231d7c57c7a8ad003abdad5d73d3ea5195"

lodash.mapvalues@4.6.0:
  version "4.6.0"
  resolved "https://registry.yarnpkg.com/lodash.mapvalues/-/lodash.mapvalues-4.6.0.tgz#1bafa5005de9dd6f4f26668c30ca37230cc9689c"

lodash.maxby@4.6.0:
  version "4.6.0"
  resolved "https://registry.yarnpkg.com/lodash.maxby/-/lodash.maxby-4.6.0.tgz#082240068f3c7a227aa00a8380e4f38cf0786e3d"

lodash.mean@4.1.0:
  version "4.1.0"
  resolved "https://registry.yarnpkg.com/lodash.mean/-/lodash.mean-4.1.0.tgz#bb985349628c0b9d7fe0f5fcc0011a2ee2c0dd7a"

lodash.memoize@4.1.2:
  version "4.1.2"
  resolved "https://registry.yarnpkg.com/lodash.memoize/-/lodash.memoize-4.1.2.tgz#bcc6c49a42a2840ed997f323eada5ecd182e0bfe"

lodash.merge@4.6.0:
  version "4.6.0"
  resolved "https://registry.yarnpkg.com/lodash.merge/-/lodash.merge-4.6.0.tgz#69884ba144ac33fe699737a6086deffadd0f89c5"

lodash.noop@3.0.1:
  version "3.0.1"
  resolved "https://registry.yarnpkg.com/lodash.noop/-/lodash.noop-3.0.1.tgz#38188f4d650a3a474258439b96ec45b32617133c"

lodash.pad@4.5.1:
  version "4.5.1"
  resolved "https://registry.yarnpkg.com/lodash.pad/-/lodash.pad-4.5.1.tgz#4330949a833a7c8da22cc20f6a26c4d59debba70"

lodash.padend@4.6.1:
  version "4.6.1"
  resolved "https://registry.yarnpkg.com/lodash.padend/-/lodash.padend-4.6.1.tgz#53ccba047d06e158d311f45da625f4e49e6f166e"

lodash.partial@4.2.1:
  version "4.2.1"
  resolved "https://registry.yarnpkg.com/lodash.partial/-/lodash.partial-4.2.1.tgz#49f3d8cfdaa3bff8b3a91d127e923245418961d4"

lodash.partition@4.6.0:
  version "4.6.0"
  resolved "https://registry.yarnpkg.com/lodash.partition/-/lodash.partition-4.6.0.tgz#a38e46b73469e0420b0da1212e66d414be364ba4"

lodash.pickby@4.6.0:
  version "4.6.0"
  resolved "https://registry.yarnpkg.com/lodash.pickby/-/lodash.pickby-4.6.0.tgz#7dea21d8c18d7703a27c704c15d3b84a67e33aff"

lodash.property@4.4.2:
  version "4.4.2"
  resolved "https://registry.yarnpkg.com/lodash.property/-/lodash.property-4.4.2.tgz#da07124821c6409d025f30db8df851314515bffe"

lodash.reduce@4.6.0:
  version "4.6.0"
  resolved "https://registry.yarnpkg.com/lodash.reduce/-/lodash.reduce-4.6.0.tgz#f1ab6b839299ad48f784abbf476596f03b914d3b"

lodash.repeat@4.1.0:
  version "4.1.0"
  resolved "https://registry.yarnpkg.com/lodash.repeat/-/lodash.repeat-4.1.0.tgz#fc7de8131d8c8ac07e4b49f74ffe829d1f2bec44"

lodash.result@4.5.2:
  version "4.5.2"
  resolved "https://registry.yarnpkg.com/lodash.result/-/lodash.result-4.5.2.tgz#cb45b27fb914eaa8d8ee6f0ce7b2870b87cb70aa"

lodash.round@4.0.4:
  version "4.0.4"
  resolved "https://registry.yarnpkg.com/lodash.round/-/lodash.round-4.0.4.tgz#101b6ba5c6cecc998f2abbe80b6029affd25d262"

lodash.sample@4.2.1:
  version "4.2.1"
  resolved "https://registry.yarnpkg.com/lodash.sample/-/lodash.sample-4.2.1.tgz#5e4291b0c753fa1abeb0aab8fb29df1b66f07f6d"

lodash.some@4.6.0:
  version "4.6.0"
  resolved "https://registry.yarnpkg.com/lodash.some/-/lodash.some-4.6.0.tgz#1bb9f314ef6b8baded13b549169b2a945eb68e4d"

lodash.sortby@4.7.0:
  version "4.7.0"
  resolved "https://registry.yarnpkg.com/lodash.sortby/-/lodash.sortby-4.7.0.tgz#edd14c824e2cc9c1e0b0a1b42bb5210516a42438"

lodash.sum@4.0.2:
  version "4.0.2"
  resolved "https://registry.yarnpkg.com/lodash.sum/-/lodash.sum-4.0.2.tgz#ad90e397965d803d4f1ff7aa5b2d0197f3b4637b"

lodash.sumby@4.6.0:
  version "4.6.0"
  resolved "https://registry.yarnpkg.com/lodash.sumby/-/lodash.sumby-4.6.0.tgz#7d87737ddb216da2f7e5e7cd2dd9c403a7887346"

lodash.topairs@4.3.0:
  version "4.3.0"
  resolved "https://registry.yarnpkg.com/lodash.topairs/-/lodash.topairs-4.3.0.tgz#3b6deaa37d60fb116713c46c5f17ea190ec48d64"

lodash.truncate@4.4.2:
  version "4.4.2"
  resolved "https://registry.yarnpkg.com/lodash.truncate/-/lodash.truncate-4.4.2.tgz#5a350da0b1113b837ecfffd5812cbe58d6eae193"

lodash.uniqby@4.7.0:
  version "4.7.0"
  resolved "https://registry.yarnpkg.com/lodash.uniqby/-/lodash.uniqby-4.7.0.tgz#d99c07a669e9e6d24e1362dfe266c67616af1302"

lodash.values@4.3.0:
  version "4.3.0"
  resolved "https://registry.yarnpkg.com/lodash.values/-/lodash.values-4.3.0.tgz#a3a6c2b0ebecc5c2cba1c17e6e620fe81b53d347"

lodash.zip@4.2.0:
  version "4.2.0"
  resolved "https://registry.yarnpkg.com/lodash.zip/-/lodash.zip-4.2.0.tgz#ec6662e4896408ed4ab6c542a3990b72cc080020"

lodash@4.17.4, lodash@^4.3.0:
  version "4.17.4"
  resolved "https://registry.yarnpkg.com/lodash/-/lodash-4.17.4.tgz#78203a4d1c328ae1d86dca6460e369b57f4055ae"

lodash@^3.6.0:
  version "3.10.1"
  resolved "https://registry.yarnpkg.com/lodash/-/lodash-3.10.1.tgz#5bf45e8e49ba4189e17d482789dfd15bd140b7b6"

lowercase-keys@^1.0.0:
  version "1.0.0"
  resolved "https://registry.yarnpkg.com/lowercase-keys/-/lowercase-keys-1.0.0.tgz#4e3366b39e7f5457e35f1324bdf6f88d0bfc7306"

lru-cache@^4.0.0:
  version "4.0.2"
  resolved "https://registry.yarnpkg.com/lru-cache/-/lru-cache-4.0.2.tgz#1d17679c069cda5d040991a09dbc2c0db377e55e"
  dependencies:
    pseudomap "^1.0.1"
    yallist "^2.0.0"

mimic-fn@^1.0.0:
  version "1.1.0"
  resolved "https://registry.yarnpkg.com/mimic-fn/-/mimic-fn-1.1.0.tgz#e667783d92e89dbd342818b5230b9d62a672ad18"

minimist@0.0.8:
  version "0.0.8"
  resolved "https://registry.yarnpkg.com/minimist/-/minimist-0.0.8.tgz#857fcabfc3397d2625b8228262e86aa7a011b05d"

mkdirp@0.5.1:
  version "0.5.1"
  resolved "https://registry.yarnpkg.com/mkdirp/-/mkdirp-0.5.1.tgz#30057438eac6cf7f8c4767f38648d6697d75c903"
  dependencies:
    minimist "0.0.8"

moment@2.17.1:
  version "2.17.1"
  resolved "https://registry.yarnpkg.com/moment/-/moment-2.17.1.tgz#fed9506063f36b10f066c8b59a144d7faebe1d82"

ms@0.7.1:
  version "0.7.1"
  resolved "https://registry.yarnpkg.com/ms/-/ms-0.7.1.tgz#9cd13c03adbff25b65effde7ce864ee952017098"

ms@0.7.2:
  version "0.7.2"
  resolved "https://registry.yarnpkg.com/ms/-/ms-0.7.2.tgz#ae25cf2512b3885a1d95d7f037868d8431124765"

mustache@^2.2.1:
  version "2.3.0"
  resolved "https://registry.yarnpkg.com/mustache/-/mustache-2.3.0.tgz#4028f7778b17708a489930a6e52ac3bca0da41d0"

mute-stream@0.0.7:
  version "0.0.7"
  resolved "https://registry.yarnpkg.com/mute-stream/-/mute-stream-0.0.7.tgz#3075ce93bc21b8fab43e1bc4da7e8115ed1e7bab"

mz@2.6.0:
  version "2.6.0"
  resolved "https://registry.yarnpkg.com/mz/-/mz-2.6.0.tgz#c8b8521d958df0a4f2768025db69c719ee4ef1ce"
  dependencies:
    any-promise "^1.0.0"
    object-assign "^4.0.1"
    thenify-all "^1.0.0"

netrc-parser@2.0.1:
  version "2.0.1"
  resolved "https://registry.yarnpkg.com/netrc-parser/-/netrc-parser-2.0.1.tgz#bd1d8b1eaf9555d4cceb051b74da1ab0a018e440"
  dependencies:
    lex "^1.7.9"

nopt@~2.1.2:
  version "2.1.2"
  resolved "https://registry.yarnpkg.com/nopt/-/nopt-2.1.2.tgz#6cccd977b80132a07731d6e8ce58c2c8303cf9af"
  dependencies:
    abbrev "1"

npm-run-path@^1.0.0:
  version "1.0.0"
  resolved "https://registry.yarnpkg.com/npm-run-path/-/npm-run-path-1.0.0.tgz#f5c32bf595fe81ae927daec52e82f8b000ac3c8f"
  dependencies:
    path-key "^1.0.0"

object-assign@^4.0.1:
  version "4.1.1"
  resolved "https://registry.yarnpkg.com/object-assign/-/object-assign-4.1.1.tgz#2109adc7965887cfc05cbbd442cac8bfbb360863"

onetime@^2.0.0:
  version "2.0.0"
  resolved "https://registry.yarnpkg.com/onetime/-/onetime-2.0.0.tgz#52aa8110e52fc5126ffc667bd8ec21c2ed209ce6"
  dependencies:
    mimic-fn "^1.0.0"

opn@^3.0.3:
  version "3.0.3"
  resolved "https://registry.yarnpkg.com/opn/-/opn-3.0.3.tgz#b6d99e7399f78d65c3baaffef1fb288e9b85243a"
  dependencies:
    object-assign "^4.0.1"

os-tmpdir@~1.0.1:
  version "1.0.2"
  resolved "https://registry.yarnpkg.com/os-tmpdir/-/os-tmpdir-1.0.2.tgz#bbe67406c79aa85c5cfec766fe5734555dfa1274"

path-key@^1.0.0:
  version "1.0.0"
  resolved "https://registry.yarnpkg.com/path-key/-/path-key-1.0.0.tgz#5d53d578019646c0d68800db4e146e6bdc2ac7af"

path-proxy@^1.0:
  version "1.0.0"
  resolved "https://registry.yarnpkg.com/path-proxy/-/path-proxy-1.0.0.tgz#18e8a36859fc9d2f1a53b48dee138543c020de5e"
  dependencies:
    inflection "~1.3.0"

plist@^2.0.1:
  version "2.0.1"
  resolved "https://registry.yarnpkg.com/plist/-/plist-2.0.1.tgz#0a32ca9481b1c364e92e18dc55c876de9d01da8b"
  dependencies:
    base64-js "1.1.2"
    xmlbuilder "8.2.2"
    xmldom "0.1.x"

prepend-http@^1.0.1:
  version "1.0.4"
  resolved "https://registry.yarnpkg.com/prepend-http/-/prepend-http-1.0.4.tgz#d4f4562b0ce3696e41ac52d0e002e57a635dc6dc"

printf@0.2.5:
  version "0.2.5"
  resolved "https://registry.yarnpkg.com/printf/-/printf-0.2.5.tgz#c438ca2ca33e3927671db4ab69c0e52f936a4f0f"

pseudomap@^1.0.1:
  version "1.0.2"
  resolved "https://registry.yarnpkg.com/pseudomap/-/pseudomap-1.0.2.tgz#f052a28da70e618917ef0a8ac34c1ae5a68286b3"

psl@1.1.16:
  version "1.1.16"
  resolved "https://registry.yarnpkg.com/psl/-/psl-1.1.16.tgz#dc88ca320b87ba79f6feefdf665a8d3113b499c1"

q@^1.2.0:
  version "1.4.1"
  resolved "https://registry.yarnpkg.com/q/-/q-1.4.1.tgz#55705bcd93c5f3673530c2c2cbc0c2b3addc286e"

readable-stream@~1.0.0:
  version "1.0.34"
  resolved "https://registry.yarnpkg.com/readable-stream/-/readable-stream-1.0.34.tgz#125820e34bc842d2f2aaafafe4c2916ee32c157c"
  dependencies:
    core-util-is "~1.0.0"
    inherits "~2.0.1"
    isarray "0.0.1"
    string_decoder "~0.10.x"

redeyed@~1.0.0:
  version "1.0.1"
  resolved "https://registry.yarnpkg.com/redeyed/-/redeyed-1.0.1.tgz#e96c193b40c0816b00aec842698e61185e55498a"
  dependencies:
    esprima "~3.0.0"

requires-port@0.x.x:
  version "0.0.1"
  resolved "https://registry.yarnpkg.com/requires-port/-/requires-port-0.0.1.tgz#4b4414411d9df7c855995dd899a8c78a2951c16d"

restore-cursor@^2.0.0:
  version "2.0.0"
  resolved "https://registry.yarnpkg.com/restore-cursor/-/restore-cursor-2.0.0.tgz#9f7ee287f82fd326d4fd162923d62129eee0dfaf"
  dependencies:
    onetime "^2.0.0"
    signal-exit "^3.0.2"

run-async@^2.2.0:
  version "2.3.0"
  resolved "https://registry.yarnpkg.com/run-async/-/run-async-2.3.0.tgz#0371ab4ae0bdd720d4166d7dfda64ff7a445a6c0"
  dependencies:
    is-promise "^2.1.0"

rx@^4.1.0:
  version "4.1.0"
  resolved "https://registry.yarnpkg.com/rx/-/rx-4.1.0.tgz#a5f13ff79ef3b740fe30aa803fb09f98805d4782"

safe-buffer@^5.0.1:
  version "5.0.1"
  resolved "https://registry.yarnpkg.com/safe-buffer/-/safe-buffer-5.0.1.tgz#d263ca54696cd8a306b5ca6551e92de57918fbe7"

semver@^5.1.0:
  version "5.3.0"
  resolved "https://registry.yarnpkg.com/semver/-/semver-5.3.0.tgz#9b2ce5d3de02d17c6012ad326aa6b4d0cf54f94f"

shell-escape@0.2.0:
  version "0.2.0"
  resolved "https://registry.yarnpkg.com/shell-escape/-/shell-escape-0.2.0.tgz#68fd025eb0490b4f567a027f0bf22480b5f84133"

shell-quote@~1.4.2:
  version "1.4.3"
  resolved "https://registry.yarnpkg.com/shell-quote/-/shell-quote-1.4.3.tgz#952c44e0b1ed9013ef53958179cc643e8777466b"
  dependencies:
    array-filter "~0.0.0"
    array-map "~0.0.0"
    array-reduce "~0.0.0"
    jsonify "~0.0.0"

shellwords@0.1.0:
  version "0.1.0"
  resolved "https://registry.yarnpkg.com/shellwords/-/shellwords-0.1.0.tgz#66afd47b6a12932d9071cbfd98a52e785cd0ba14"

signal-exit@^3.0.2:
  version "3.0.2"
  resolved "https://registry.yarnpkg.com/signal-exit/-/signal-exit-3.0.2.tgz#b5fdc08f1287ea1178628e415e25132b73646c6d"

smooth-progress@1.1.0:
  version "1.1.0"
  resolved "https://registry.yarnpkg.com/smooth-progress/-/smooth-progress-1.1.0.tgz#a51d6dbc2b1c4635ac94bf4be89364d5ce91ce32"
  dependencies:
    ansi-escapes "1.4.0"
    chalk "^1.1.1"

sparkline@0.1.2:
  version "0.1.2"
  resolved "https://registry.yarnpkg.com/sparkline/-/sparkline-0.1.2.tgz#c3bde46252b1354e710c4b200d54816bd9f07a32"
  dependencies:
    here "0.0.2"
    nopt "~2.1.2"

sprintf-js@^1.0.3:
  version "1.0.3"
  resolved "https://registry.yarnpkg.com/sprintf-js/-/sprintf-js-1.0.3.tgz#04e6926f662895354f3dd015203633b857297e2c"

ssh2-streams@~0.0.5:
  version "0.0.23"
  resolved "https://registry.yarnpkg.com/ssh2-streams/-/ssh2-streams-0.0.23.tgz#aeef30831bb5fc4af6aa3f6d0a261a413531612b"
  dependencies:
    asn1 "~0.2.0"
    readable-stream "~1.0.0"
    streamsearch "~0.1.2"

ssh2-streams@~0.1.15:
  version "0.1.16"
  resolved "https://registry.yarnpkg.com/ssh2-streams/-/ssh2-streams-0.1.16.tgz#ac9d3ce9e062f8cf08fcce5b3a274b6d5cecdc54"
  dependencies:
    asn1 "~0.2.0"
    semver "^5.1.0"
    streamsearch "~0.1.2"

ssh2@0.4.11:
  version "0.4.11"
  resolved "https://registry.yarnpkg.com/ssh2/-/ssh2-0.4.11.tgz#0c71090e14596f79a4c67d830f9fbc2987495db7"
  dependencies:
    readable-stream "~1.0.0"
    ssh2-streams "~0.0.5"

ssh2@^0.5.2:
  version "0.5.4"
  resolved "https://registry.yarnpkg.com/ssh2/-/ssh2-0.5.4.tgz#1bf6b6b28c96eaef267f4d6c46a5a2517a599e27"
  dependencies:
    ssh2-streams "~0.1.15"

streamsearch@~0.1.2:
  version "0.1.2"
  resolved "https://registry.yarnpkg.com/streamsearch/-/streamsearch-0.1.2.tgz#808b9d0e56fc273d809ba57338e929919a1a9f1a"

strftime@0.10.0:
  version "0.10.0"
  resolved "https://registry.yarnpkg.com/strftime/-/strftime-0.10.0.tgz#b3f0fa419295202a5a289f6d6be9f4909a617193"

string-just@0.0.2:
  version "0.0.2"
  resolved "https://registry.yarnpkg.com/string-just/-/string-just-0.0.2.tgz#8793188cba0b72892bffb74cc0e299cea6045b71"

string-width@^2.0.0:
  version "2.0.0"
  resolved "https://registry.yarnpkg.com/string-width/-/string-width-2.0.0.tgz#635c5436cc72a6e0c387ceca278d4e2eec52687e"
  dependencies:
    is-fullwidth-code-point "^2.0.0"
    strip-ansi "^3.0.0"

string@3.3.3:
  version "3.3.3"
  resolved "https://registry.yarnpkg.com/string/-/string-3.3.3.tgz#5ea211cd92d228e184294990a6cc97b366a77cb0"

string_decoder@~0.10.x:
  version "0.10.31"
  resolved "https://registry.yarnpkg.com/string_decoder/-/string_decoder-0.10.31.tgz#62e203bc41766c6c28c9fc84301dab1c5310fa94"

strip-ansi@^3.0.0:
  version "3.0.1"
  resolved "https://registry.yarnpkg.com/strip-ansi/-/strip-ansi-3.0.1.tgz#6a385fb8853d952d5ff05d0e8aaf94278dc63dcf"
  dependencies:
    ansi-regex "^2.0.0"

strip-eof@1.0.0, strip-eof@^1.0.0:
  version "1.0.0"
  resolved "https://registry.yarnpkg.com/strip-eof/-/strip-eof-1.0.0.tgz#bb43ff5598a6eb05d89b59fcd129c983313606bf"

supports-color@^2.0.0:
  version "2.0.0"
  resolved "https://registry.yarnpkg.com/supports-color/-/supports-color-2.0.0.tgz#535d045ce6b6363fa40117084629995e9df324c7"

supports-color@^3.1.2:
  version "3.2.3"
  resolved "https://registry.yarnpkg.com/supports-color/-/supports-color-3.2.3.tgz#65ac0504b3954171d8a64946b2ae3cbb8a5f54f6"
  dependencies:
    has-flag "^1.0.0"

term-img@1.0.0:
  version "1.0.0"
  resolved "https://registry.yarnpkg.com/term-img/-/term-img-1.0.0.tgz#703c166bd16b0ef17a04469b0cfdd0deb3d270bb"
  dependencies:
    ansi-escapes "^1.3.0"
    iterm2-version "^2.1.0"

thenify-all@^1.0.0:
  version "1.6.0"
  resolved "https://registry.yarnpkg.com/thenify-all/-/thenify-all-1.6.0.tgz#1a1918d402d8fc3f98fbf234db0bcc8cc10e9726"
  dependencies:
    thenify ">= 3.1.0 < 4"

"thenify@>= 3.1.0 < 4":
  version "3.2.1"
  resolved "https://registry.yarnpkg.com/thenify/-/thenify-3.2.1.tgz#251fd1c80aff6e5cf57cb179ab1fcb724269bd11"
  dependencies:
    any-promise "^1.0.0"

through@^2.3.6:
  version "2.3.8"
  resolved "https://registry.yarnpkg.com/through/-/through-2.3.8.tgz#0dd4c9ffaabc357960b1b724115d7e0e86a2e1f5"

timed-out@^4.0.0:
  version "4.0.1"
  resolved "https://registry.yarnpkg.com/timed-out/-/timed-out-4.0.1.tgz#f32eacac5a175bea25d7fab565ab3ed8741ef56f"

tmp@^0.0.31:
  version "0.0.31"
  resolved "https://registry.yarnpkg.com/tmp/-/tmp-0.0.31.tgz#8f38ab9438e17315e5dbd8b3657e8bfb277ae4a7"
  dependencies:
    os-tmpdir "~1.0.1"

tunnel-agent@^0.4.0, tunnel-agent@^0.4.3:
  version "0.4.3"
  resolved "https://registry.yarnpkg.com/tunnel-agent/-/tunnel-agent-0.4.3.tgz#6373db76909fe570e08d73583365ed828a74eeeb"

tunnel-ssh@4.1.1:
  version "4.1.1"
  resolved "https://registry.yarnpkg.com/tunnel-ssh/-/tunnel-ssh-4.1.1.tgz#5b6b251f14eedb14c6cddcb5a39013cbbbe32b38"
  dependencies:
    debug "2.2.0"
    lodash.defaults "^4.1.0"
    ssh2 "^0.5.2"

unzip-response@^2.0.1:
  version "2.0.1"
  resolved "https://registry.yarnpkg.com/unzip-response/-/unzip-response-2.0.1.tgz#d2f0f737d16b0615e72a6935ed04214572d56f97"

url-parse-lax@^1.0.0:
  version "1.0.0"
  resolved "https://registry.yarnpkg.com/url-parse-lax/-/url-parse-lax-1.0.0.tgz#7af8f303645e9bd79a272e7a14ac68bc0609da73"
  dependencies:
    prepend-http "^1.0.1"

validator@6.2.1:
  version "6.2.1"
  resolved "https://registry.yarnpkg.com/validator/-/validator-6.2.1.tgz#bc575b78d15beb2e338a665ba9530c7f409ef667"

which@^1.2.8:
  version "1.2.12"
  resolved "https://registry.yarnpkg.com/which/-/which-1.2.12.tgz#de67b5e450269f194909ef23ece4ebe416fa1192"
  dependencies:
    isexe "^1.1.1"

xmlbuilder@8.2.2:
  version "8.2.2"
  resolved "https://registry.yarnpkg.com/xmlbuilder/-/xmlbuilder-8.2.2.tgz#69248673410b4ba42e1a6136551d2922335aa773"

xmldom@0.1.x:
  version "0.1.27"
  resolved "https://registry.yarnpkg.com/xmldom/-/xmldom-0.1.27.tgz#d501f97b3bdb403af8ef9ecc20573187aadac0e9"

yallist@^2.0.0:
  version "2.0.0"
  resolved "https://registry.yarnpkg.com/yallist/-/yallist-2.0.0.tgz#306c543835f09ee1a4cb23b7bce9ab341c91cdd4"
