{
  "name": "heroku-pipelines",
  "version": "0.13.0",
  "dependencies": {
    "bluebird": {
      "version": "2.9.34",
      "from": "bluebird@>=2.9.34 <3.0.0",
      "resolved": "https://registry.npmjs.org/bluebird/-/bluebird-2.9.34.tgz"
    },
    "co": {
      "version": "4.6.0",
      "from": "co@>=4.5.4 <5.0.0",
      "resolved": "https://registry.npmjs.org/co/-/co-4.6.0.tgz"
    },
    "heroku-cli-util": {
      "version": "5.4.5",
      "from": "heroku-cli-util@>=5.4.4 <6.0.0",
      "resolved": "https://registry.npmjs.org/heroku-cli-util/-/heroku-cli-util-5.4.5.tgz",
      "dependencies": {
        "chalk": {
          "version": "1.1.0",
          "from": "chalk@>=1.1.0 <2.0.0",
          "resolved": "https://registry.npmjs.org/chalk/-/chalk-1.1.0.tgz",
          "dependencies": {
            "ansi-styles": {
              "version": "2.1.0",
              "from": "ansi-styles@>=2.1.0 <3.0.0",
              "resolved": "https://registry.npmjs.org/ansi-styles/-/ansi-styles-2.1.0.tgz"
            },
            "escape-string-regexp": {
              "version": "1.0.3",
              "from": "escape-string-regexp@>=1.0.2 <2.0.0",
              "resolved": "https://heroku-npm.herokuapp.com/escape-string-regexp/-/escape-string-regexp-1.0.3.tgz"
            },
            "has-ansi": {
              "version": "2.0.0",
              "from": "has-ansi@>=2.0.0 <3.0.0",
              "resolved": "https://registry.npmjs.org/has-ansi/-/has-ansi-2.0.0.tgz",
              "dependencies": {
                "ansi-regex": {
                  "version": "2.0.0",
                  "from": "ansi-regex@>=2.0.0 <3.0.0",
                  "resolved": "https://registry.npmjs.org/ansi-regex/-/ansi-regex-2.0.0.tgz"
                }
              }
            },
            "strip-ansi": {
              "version": "3.0.0",
              "from": "strip-ansi@>=3.0.0 <4.0.0",
              "resolved": "https://registry.npmjs.org/strip-ansi/-/strip-ansi-3.0.0.tgz",
              "dependencies": {
                "ansi-regex": {
                  "version": "2.0.0",
                  "from": "ansi-regex@>=2.0.0 <3.0.0",
                  "resolved": "https://registry.npmjs.org/ansi-regex/-/ansi-regex-2.0.0.tgz"
                }
              }
            },
            "supports-color": {
              "version": "2.0.0",
              "from": "supports-color@>=2.0.0 <3.0.0",
              "resolved": "https://registry.npmjs.org/supports-color/-/supports-color-2.0.0.tgz"
            }
          }
        },
        "co": {
          "version": "4.6.0",
          "from": "co@>=4.5.4 <5.0.0",
          "resolved": "https://registry.npmjs.org/co/-/co-4.6.0.tgz"
        },
        "heroku-client": {
          "version": "2.1.0",
          "from": "heroku-client@>=2.1.0 <3.0.0",
          "dependencies": {
            "path-proxy": {
              "version": "1.0.0",
              "from": "path-proxy@>=1.0.0 <2.0.0",
              "resolved": "https://heroku-npm.herokuapp.com/path-proxy/-/path-proxy-1.0.0.tgz",
              "dependencies": {
                "inflection": {
                  "version": "1.3.8",
                  "from": "inflection@>=1.3.0 <1.4.0",
                  "resolved": "https://heroku-npm.herokuapp.com/inflection/-/inflection-1.3.8.tgz"
                }
              }
            },
            "q": {
              "version": "1.4.1",
              "from": "q@>=1.2.0 <2.0.0",
              "resolved": "http://localhost:3000/q/-/q-1.4.1.tgz"
            },
            "tunnel-agent": {
              "version": "0.4.1",
              "from": "tunnel-agent@>=0.4.0 <0.5.0",
              "resolved": "https://registry.npmjs.org/tunnel-agent/-/tunnel-agent-0.4.1.tgz"
            }
          }
        },
        "inflection": {
          "version": "1.7.1",
          "from": "inflection@>=1.7.1 <2.0.0",
          "resolved": "https://heroku-npm.herokuapp.com/inflection/-/inflection-1.7.1.tgz"
        }
      }
    },
    "inflection": {
      "version": "1.7.1",
      "from": "inflection@>=1.7.1 <2.0.0",
      "resolved": "https://registry.npmjs.org/inflection/-/inflection-1.7.1.tgz"
    },
    "inquirer": {
      "version": "0.8.5",
      "from": "inquirer@>=0.8.5 <0.9.0",
      "resolved": "https://registry.npmjs.org/inquirer/-/inquirer-0.8.5.tgz",
      "dependencies": {
        "ansi-regex": {
          "version": "1.1.1",
          "from": "ansi-regex@>=1.1.1 <2.0.0",
          "resolved": "https://registry.npmjs.org/ansi-regex/-/ansi-regex-1.1.1.tgz"
        },
        "chalk": {
          "version": "1.1.0",
          "from": "chalk@>=1.1.0 <2.0.0",
          "resolved": "https://registry.npmjs.org/chalk/-/chalk-1.1.0.tgz",
          "dependencies": {
            "ansi-styles": {
              "version": "2.1.0",
              "from": "ansi-styles@>=2.1.0 <3.0.0",
              "resolved": "https://registry.npmjs.org/ansi-styles/-/ansi-styles-2.1.0.tgz"
            },
            "escape-string-regexp": {
              "version": "1.0.3",
              "from": "escape-string-regexp@>=1.0.2 <2.0.0",
              "resolved": "http://54.173.158.18/escape-string-regexp/-/escape-string-regexp-1.0.3.tgz"
            },
            "has-ansi": {
              "version": "2.0.0",
              "from": "has-ansi@>=2.0.0 <3.0.0",
              "resolved": "https://registry.npmjs.org/has-ansi/-/has-ansi-2.0.0.tgz",
              "dependencies": {
                "ansi-regex": {
                  "version": "2.0.0",
                  "from": "ansi-regex@>=2.0.0 <3.0.0",
                  "resolved": "https://registry.npmjs.org/ansi-regex/-/ansi-regex-2.0.0.tgz"
                }
              }
            },
            "strip-ansi": {
              "version": "3.0.0",
              "from": "strip-ansi@>=3.0.0 <4.0.0",
              "resolved": "https://registry.npmjs.org/strip-ansi/-/strip-ansi-3.0.0.tgz",
              "dependencies": {
                "ansi-regex": {
                  "version": "2.0.0",
                  "from": "ansi-regex@>=2.0.0 <3.0.0",
                  "resolved": "https://registry.npmjs.org/ansi-regex/-/ansi-regex-2.0.0.tgz"
                }
              }
            },
            "supports-color": {
              "version": "2.0.0",
              "from": "supports-color@>=2.0.0 <3.0.0",
              "resolved": "https://registry.npmjs.org/supports-color/-/supports-color-2.0.0.tgz"
            }
          }
        },
        "cli-width": {
          "version": "1.0.1",
          "from": "cli-width@>=1.0.1 <2.0.0",
          "resolved": "https://registry.npmjs.org/cli-width/-/cli-width-1.0.1.tgz"
        },
        "figures": {
          "version": "1.3.5",
          "from": "figures@>=1.3.5 <2.0.0",
          "resolved": "https://registry.npmjs.org/figures/-/figures-1.3.5.tgz"
        },
        "lodash": {
          "version": "3.10.1",
          "from": "lodash@>=3.3.1 <4.0.0",
          "resolved": "https://registry.npmjs.org/lodash/-/lodash-3.10.1.tgz"
        },
        "readline2": {
          "version": "0.1.1",
          "from": "readline2@>=0.1.1 <0.2.0",
          "resolved": "https://registry.npmjs.org/readline2/-/readline2-0.1.1.tgz",
          "dependencies": {
            "mute-stream": {
              "version": "0.0.4",
              "from": "mute-stream@0.0.4"
            },
            "strip-ansi": {
              "version": "2.0.1",
              "from": "strip-ansi@>=2.0.1 <3.0.0",
              "resolved": "https://registry.npmjs.org/strip-ansi/-/strip-ansi-2.0.1.tgz"
            }
          }
        },
        "rx": {
          "version": "2.5.3",
          "from": "rx@>=2.4.3 <3.0.0",
          "resolved": "https://registry.npmjs.org/rx/-/rx-2.5.3.tgz"
        },
        "through": {
          "version": "2.3.8",
          "from": "through@>=2.3.6 <3.0.0",
          "resolved": "https://registry.npmjs.org/through/-/through-2.3.8.tgz"
        }
      }
    },
    "string-just": {
      "version": "0.0.2",
      "from": "string-just@0.0.2",
      "resolved": "https://registry.npmjs.org/string-just/-/string-just-0.0.2.tgz"
    },
    "validator": {
      "version": "4.0.2",
      "from": "validator@>=4.0.2 <5.0.0",
      "resolved": "https://registry.npmjs.org/validator/-/validator-4.0.2.tgz"
    }
  }
}
