# THIS IS AN AUTOGENERATED FILE. DO NOT EDIT THIS FILE DIRECTLY.
# yarn lockfile v1


"@fancy-test/nock@^0.0.1":
  version "0.0.1"
  resolved "https://registry.yarnpkg.com/@fancy-test/nock/-/nock-0.0.1.tgz#707de8f1fa9798b2eeb27619fec47b478f9e6f59"

"@heroku-cli/color@^1.1.3":
  version "1.1.3"
  resolved "https://registry.yarnpkg.com/@heroku-cli/color/-/color-1.1.3.tgz#f5f3bb043c3c5c78888135a89633227cfca04b2b"
  dependencies:
    ansi-styles "^3.2.0"
    chalk "^2.3.0"
    strip-ansi "^4.0.0"
    supports-color "^5.1.0"

"@heroku-cli/command@^8.0.0-oclif.1":
  version "8.0.0-oclif.2"
  resolved "https://registry.yarnpkg.com/@heroku-cli/command/-/command-8.0.0-oclif.2.tgz#7126b4cb1276cf31a2cf2700b2077a0b9a980ed1"
  dependencies:
    cli-ux "^3.3.18"
    debug "^3.1.0"
    heroku-client "3.0.6"
    http-call "^5.0.2"
    netrc-parser "^3.0.3"

"@heroku-cli/tslint@1.1.4":
  version "1.1.4"
  resolved "https://registry.yarnpkg.com/@heroku-cli/tslint/-/tslint-1.1.4.tgz#32f75496df3e3ecd7e14716c4250302025c7840f"
  dependencies:
    tslint "^5.8.0"
    tslint-config-prettier "*"

"@heroku/linewrap@^1.0.0":
  version "1.0.0"
  resolved "https://registry.yarnpkg.com/@heroku/linewrap/-/linewrap-1.0.0.tgz#a9d4e99f0a3e423a899b775f5f3d6747a1ff15c6"

"@oclif/command@^1.2.14", "@oclif/command@^1.2.20", "@oclif/command@^1.2.21":
  version "1.2.21"
  resolved "https://registry.yarnpkg.com/@oclif/command/-/command-1.2.21.tgz#73bd84fd2207df2ad414dcf91e3eebe7f944a95a"
  dependencies:
    "@oclif/parser" "^3.2.8"

"@oclif/config@^1.3.32", "@oclif/config@^1.3.45":
  version "1.3.47"
  resolved "https://registry.yarnpkg.com/@oclif/config/-/config-1.3.47.tgz#7e7cf7ab0634edd60bd1675260ac588e6f6521fe"

"@oclif/dev-cli@^0.3.4":
  version "0.3.14"
  resolved "https://registry.yarnpkg.com/@oclif/dev-cli/-/dev-cli-0.3.14.tgz#8c55332d4e673e0e66f5d82e3efebef68a7fec7b"
  dependencies:
    "@oclif/command" "^1.2.21"
    "@oclif/config" "^1.3.45"
    "@oclif/errors" "^1.0.1"
    "@oclif/plugin-help" "^0.7.4"
    lodash.template "^4.4.0"
    normalize-package-data "^2.4.0"
    require-resolve "^0.0.2"

"@oclif/errors@^0.2.1":
  version "0.2.2"
  resolved "https://registry.yarnpkg.com/@oclif/errors/-/errors-0.2.2.tgz#a002b7477861e001179783f1a706b7e34fc20d0c"
  dependencies:
    clean-stack "^1.3.0"
    fs-extra "^5.0.0"
    indent-string "^3.2.0"
    strip-ansi "^4.0.0"
    wrap-ansi "^3.0.1"

"@oclif/errors@^1.0.1":
  version "1.0.1"
  resolved "https://registry.yarnpkg.com/@oclif/errors/-/errors-1.0.1.tgz#a660007a7d8b4a9573e2163d93359d510fbf05a1"
  dependencies:
    clean-stack "^1.3.0"
    fs-extra "^5.0.0"
    indent-string "^3.2.0"
    strip-ansi "^4.0.0"
    wrap-ansi "^3.0.1"

"@oclif/parser@^3.2.8":
  version "3.2.8"
  resolved "https://registry.yarnpkg.com/@oclif/parser/-/parser-3.2.8.tgz#2b2e35b5c075d200d70950923acd64e258c5ae1d"

"@oclif/plugin-help@^0.7.4":
  version "0.7.4"
  resolved "https://registry.yarnpkg.com/@oclif/plugin-help/-/plugin-help-0.7.4.tgz#1b7903ad303bc9c2816e1f8a8275da051b2361f7"
  dependencies:
    "@oclif/command" "^1.2.20"
    chalk "^2.3.1"
    indent-string "^3.2.0"
    lodash.template "^4.4.0"
    string-width "^2.1.1"
    widest-line "^2.0.0"
    wrap-ansi "^3.0.1"

"@oclif/screen@^1.0.0":
  version "1.0.1"
  resolved "https://registry.yarnpkg.com/@oclif/screen/-/screen-1.0.1.tgz#2e67c95911977a5badfff9b500e6e00dae40869c"

"@oclif/test@^0.10.13":
  version "0.10.16"
  resolved "https://registry.yarnpkg.com/@oclif/test/-/test-0.10.16.tgz#3b8ec5240e6e49e8a3c81d8beb8bf20702f81bec"
  dependencies:
    fancy-test "^1.0.1"

"@oclif/tslint@^0.2.7":
  version "0.2.9"
  resolved "https://registry.yarnpkg.com/@oclif/tslint/-/tslint-0.2.9.tgz#804c64b4ed92fa4087276295cdafbcdc78485f3a"
  dependencies:
    tslint "^5.9.1"
    tslint-xo "^0.6.0"

"@types/ansi-styles@^2.0.30":
  version "2.0.30"
  resolved "https://registry.yarnpkg.com/@types/ansi-styles/-/ansi-styles-2.0.30.tgz#9a645299020a224afc6a8cd055195850b3c2af85"

"@types/chai@^4.1.2":
  version "4.1.2"
  resolved "https://registry.yarnpkg.com/@types/chai/-/chai-4.1.2.tgz#f1af664769cfb50af805431c407425ed619daa21"

"@types/mocha@^2.2.48":
  version "2.2.48"
  resolved "https://registry.yarnpkg.com/@types/mocha/-/mocha-2.2.48.tgz#3523b126a0b049482e1c3c11877460f76622ffab"

"@types/nock@^9.1.2":
  version "9.1.2"
  resolved "https://registry.yarnpkg.com/@types/nock/-/nock-9.1.2.tgz#0515b27e3f6bbc11834d22508ad02e2921dd376a"
  dependencies:
    "@types/node" "*"

"@types/node@*", "@types/node@^9.4.1":
  version "9.4.5"
  resolved "https://registry.yarnpkg.com/@types/node/-/node-9.4.5.tgz#d2a90c634208173d1b1a0a6ba9f1df3de62edcf5"

"@types/strip-bom@^3.0.0":
  version "3.0.0"
  resolved "https://registry.yarnpkg.com/@types/strip-bom/-/strip-bom-3.0.0.tgz#14a8ec3956c2e81edb7520790aecf21c290aebd2"

"@types/strip-json-comments@0.0.30":
  version "0.0.30"
  resolved "https://registry.yarnpkg.com/@types/strip-json-comments/-/strip-json-comments-0.0.30.tgz#9aa30c04db212a9a0649d6ae6fd50accc40748a1"

"@types/supports-color@^3.1.0":
  version "3.1.0"
  resolved "https://registry.yarnpkg.com/@types/supports-color/-/supports-color-3.1.0.tgz#3584b6b54f45333e988da2c29e6797eff5a20f8c"

ansi-escapes@^3.0.0:
  version "3.0.0"
  resolved "https://registry.yarnpkg.com/ansi-escapes/-/ansi-escapes-3.0.0.tgz#ec3e8b4e9f8064fc02c3ac9b65f1c275bda8ef92"

ansi-regex@^0.2.0, ansi-regex@^0.2.1:
  version "0.2.1"
  resolved "https://registry.yarnpkg.com/ansi-regex/-/ansi-regex-0.2.1.tgz#0d8e946967a3d8143f93e24e298525fc1b2235f9"

ansi-regex@^2.0.0:
  version "2.1.1"
  resolved "https://registry.yarnpkg.com/ansi-regex/-/ansi-regex-2.1.1.tgz#c3b33ab5ee360d86e0e628f0468ae7ef27d654df"

ansi-regex@^3.0.0:
  version "3.0.0"
  resolved "https://registry.yarnpkg.com/ansi-regex/-/ansi-regex-3.0.0.tgz#ed0317c322064f79466c02966bddb605ab37d998"

ansi-styles@^1.1.0:
  version "1.1.0"
  resolved "https://registry.yarnpkg.com/ansi-styles/-/ansi-styles-1.1.0.tgz#eaecbf66cd706882760b2f4691582b8f55d7a7de"

ansi-styles@^2.2.1:
  version "2.2.1"
  resolved "https://registry.yarnpkg.com/ansi-styles/-/ansi-styles-2.2.1.tgz#b432dd3358b634cf75e1e4664368240533c1ddbe"

ansi-styles@^3.2.0:
  version "3.2.0"
  resolved "https://registry.yarnpkg.com/ansi-styles/-/ansi-styles-3.2.0.tgz#c159b8d5be0f9e5a6f346dab94f16ce022161b88"
  dependencies:
    color-convert "^1.9.0"

ansicolors@~0.2.1:
  version "0.2.1"
  resolved "https://registry.yarnpkg.com/ansicolors/-/ansicolors-0.2.1.tgz#be089599097b74a5c9c4a84a0cdbcdb62bd87aef"

argparse@^1.0.7:
  version "1.0.9"
  resolved "https://registry.yarnpkg.com/argparse/-/argparse-1.0.9.tgz#73d83bc263f86e97f8cc4f6bae1b0e90a7d22c86"
  dependencies:
    sprintf-js "~1.0.2"

array-union@^1.0.1:
  version "1.0.2"
  resolved "https://registry.yarnpkg.com/array-union/-/array-union-1.0.2.tgz#9a34410e4f4e3da23dea375be5be70f24778ec39"
  dependencies:
    array-uniq "^1.0.1"

array-uniq@^1.0.1:
  version "1.0.3"
  resolved "https://registry.yarnpkg.com/array-uniq/-/array-uniq-1.0.3.tgz#af6ac877a25cc7f74e058894753858dfdb24fdb6"

arrify@^1.0.0, arrify@^1.0.1:
  version "1.0.1"
  resolved "https://registry.yarnpkg.com/arrify/-/arrify-1.0.1.tgz#898508da2226f380df904728456849c1501a4b0d"

assertion-error@^1.0.1:
  version "1.1.0"
  resolved "https://registry.yarnpkg.com/assertion-error/-/assertion-error-1.1.0.tgz#e60b6b0e8f301bd97e5375215bda406c85118c0b"

babel-code-frame@^6.22.0:
  version "6.26.0"
  resolved "https://registry.yarnpkg.com/babel-code-frame/-/babel-code-frame-6.26.0.tgz#63fd43f7dc1e3bb7ce35947db8fe369a3f58c74b"
  dependencies:
    chalk "^1.1.3"
    esutils "^2.0.2"
    js-tokens "^3.0.2"

balanced-match@^1.0.0:
  version "1.0.0"
  resolved "https://registry.yarnpkg.com/balanced-match/-/balanced-match-1.0.0.tgz#89b4d199ab2bee49de164ea02b89ce462d71b767"

brace-expansion@^1.1.7:
  version "1.1.11"
  resolved "https://registry.yarnpkg.com/brace-expansion/-/brace-expansion-1.1.11.tgz#3c7fcbf529d87226f3d2f52b966ff5271eb441dd"
  dependencies:
    balanced-match "^1.0.0"
    concat-map "0.0.1"

browser-stdout@1.3.0:
  version "1.3.0"
  resolved "https://registry.yarnpkg.com/browser-stdout/-/browser-stdout-1.3.0.tgz#f351d32969d32fa5d7a5567154263d928ae3bd1f"

builtin-modules@^1.0.0, builtin-modules@^1.1.1:
  version "1.1.1"
  resolved "https://registry.yarnpkg.com/builtin-modules/-/builtin-modules-1.1.1.tgz#270f076c5a72c02f5b65a47df94c5fe3a278892f"

cardinal@^1.0.0:
  version "1.0.0"
  resolved "https://registry.yarnpkg.com/cardinal/-/cardinal-1.0.0.tgz#50e21c1b0aa37729f9377def196b5a9cec932ee9"
  dependencies:
    ansicolors "~0.2.1"
    redeyed "~1.0.0"

"chai@>=1.9.2 <4.0.0":
  version "3.5.0"
  resolved "https://registry.yarnpkg.com/chai/-/chai-3.5.0.tgz#4d02637b067fe958bdbfdd3a40ec56fef7373247"
  dependencies:
    assertion-error "^1.0.1"
    deep-eql "^0.1.3"
    type-detect "^1.0.0"

chai@^4.1.2:
  version "4.1.2"
  resolved "https://registry.yarnpkg.com/chai/-/chai-4.1.2.tgz#0f64584ba642f0f2ace2806279f4f06ca23ad73c"
  dependencies:
    assertion-error "^1.0.1"
    check-error "^1.0.1"
    deep-eql "^3.0.0"
    get-func-name "^2.0.0"
    pathval "^1.0.0"
    type-detect "^4.0.0"

chalk@0.5.1:
  version "0.5.1"
  resolved "https://registry.yarnpkg.com/chalk/-/chalk-0.5.1.tgz#663b3a648b68b55d04690d49167aa837858f2174"
  dependencies:
    ansi-styles "^1.1.0"
    escape-string-regexp "^1.0.0"
    has-ansi "^0.1.0"
    strip-ansi "^0.3.0"
    supports-color "^0.2.0"

chalk@^1.1.3:
  version "1.1.3"
  resolved "https://registry.yarnpkg.com/chalk/-/chalk-1.1.3.tgz#a8115c55e4a702fe4d150abd3872822a7e09fc98"
  dependencies:
    ansi-styles "^2.2.1"
    escape-string-regexp "^1.0.2"
    has-ansi "^2.0.0"
    strip-ansi "^3.0.0"
    supports-color "^2.0.0"

chalk@^2.3.0, chalk@^2.3.1:
  version "2.3.1"
  resolved "https://registry.yarnpkg.com/chalk/-/chalk-2.3.1.tgz#523fe2678aec7b04e8041909292fe8b17059b796"
  dependencies:
    ansi-styles "^3.2.0"
    escape-string-regexp "^1.0.5"
    supports-color "^5.2.0"

check-error@^1.0.1:
  version "1.0.2"
  resolved "https://registry.yarnpkg.com/check-error/-/check-error-1.0.2.tgz#574d312edd88bb5dd8912e9286dd6c0aed4aac82"

clean-stack@^1.3.0:
  version "1.3.0"
  resolved "https://registry.yarnpkg.com/clean-stack/-/clean-stack-1.3.0.tgz#9e821501ae979986c46b1d66d2d432db2fd4ae31"

cli-ux@^3.3.18:
  version "3.3.19"
  resolved "https://registry.yarnpkg.com/cli-ux/-/cli-ux-3.3.19.tgz#e303faa923f061b91fb2c458f362ccfc7965a6b5"
  dependencies:
    "@heroku/linewrap" "^1.0.0"
    "@oclif/screen" "^1.0.0"
    ansi-styles "^3.2.0"
    cardinal "^1.0.0"
    chalk "^2.3.0"
    clean-stack "^1.3.0"
    extract-stack "^1.0.0"
    fs-extra "^5.0.0"
    indent-string "^3.2.0"
    lodash "^4.17.5"
    password-prompt "^1.0.4"
    semver "^5.5.0"
    strip-ansi "^4.0.0"
    supports-color "^5.1.0"

color-convert@^1.9.0:
  version "1.9.1"
  resolved "https://registry.yarnpkg.com/color-convert/-/color-convert-1.9.1.tgz#c1261107aeb2f294ebffec9ed9ecad529a6097ed"
  dependencies:
    color-name "^1.1.1"

color-name@^1.1.1:
  version "1.1.3"
  resolved "https://registry.yarnpkg.com/color-name/-/color-name-1.1.3.tgz#a7d0558bd89c42f795dd42328f740831ca53bc25"

commander@2.11.0:
  version "2.11.0"
  resolved "https://registry.yarnpkg.com/commander/-/commander-2.11.0.tgz#157152fd1e7a6c8d98a5b715cf376df928004563"

commander@2.6.0:
  version "2.6.0"
  resolved "https://registry.yarnpkg.com/commander/-/commander-2.6.0.tgz#9df7e52fb2a0cb0fb89058ee80c3104225f37e1d"

commander@^2.12.1:
  version "2.14.1"
  resolved "https://registry.yarnpkg.com/commander/-/commander-2.14.1.tgz#2235123e37af8ca3c65df45b026dbd357b01b9aa"

concat-map@0.0.1:
  version "0.0.1"
  resolved "https://registry.yarnpkg.com/concat-map/-/concat-map-0.0.1.tgz#d8a96bd77fd68df7793a73036a3ba0d5405d477b"

concurrently@^3.5.1:
  version "3.5.1"
  resolved "https://registry.yarnpkg.com/concurrently/-/concurrently-3.5.1.tgz#ee8b60018bbe86b02df13e5249453c6ececd2521"
  dependencies:
    chalk "0.5.1"
    commander "2.6.0"
    date-fns "^1.23.0"
    lodash "^4.5.1"
    rx "2.3.24"
    spawn-command "^0.0.2-1"
    supports-color "^3.2.3"
    tree-kill "^1.1.0"

content-type@^1.0.4:
  version "1.0.4"
  resolved "https://registry.yarnpkg.com/content-type/-/content-type-1.0.4.tgz#e138cc75e040c727b1966fe5e5f8c9aee256fe3b"

cross-spawn@^5.0.1, cross-spawn@^5.1.0:
  version "5.1.0"
  resolved "https://registry.yarnpkg.com/cross-spawn/-/cross-spawn-5.1.0.tgz#e8bd0efee58fcff6f8f94510a0a554bbfa235449"
  dependencies:
    lru-cache "^4.0.1"
    shebang-command "^1.2.0"
    which "^1.2.9"

date-fns@^1.23.0, date-fns@^1.29.0:
  version "1.29.0"
  resolved "https://registry.yarnpkg.com/date-fns/-/date-fns-1.29.0.tgz#12e609cdcb935127311d04d33334e2960a2a54e6"

debug@3.1.0, debug@^3.1.0:
  version "3.1.0"
  resolved "https://registry.yarnpkg.com/debug/-/debug-3.1.0.tgz#5bb5a0672628b64149566ba16819e61518c67261"
  dependencies:
    ms "2.0.0"

debug@^2.2.0:
  version "2.6.9"
  resolved "https://registry.yarnpkg.com/debug/-/debug-2.6.9.tgz#5d128515df134ff327e90a4c93f4e077a536341f"
  dependencies:
    ms "2.0.0"

deep-eql@^0.1.3:
  version "0.1.3"
  resolved "https://registry.yarnpkg.com/deep-eql/-/deep-eql-0.1.3.tgz#ef558acab8de25206cd713906d74e56930eb69f2"
  dependencies:
    type-detect "0.1.1"

deep-eql@^3.0.0:
  version "3.0.1"
  resolved "https://registry.yarnpkg.com/deep-eql/-/deep-eql-3.0.1.tgz#dfc9404400ad1c8fe023e7da1df1c147c4b444df"
  dependencies:
    type-detect "^4.0.0"

deep-equal@^1.0.0:
  version "1.0.1"
  resolved "https://registry.yarnpkg.com/deep-equal/-/deep-equal-1.0.1.tgz#f5d260292b660e084eff4cdbc9f08ad3247448b5"

diff@3.3.1:
  version "3.3.1"
  resolved "https://registry.yarnpkg.com/diff/-/diff-3.3.1.tgz#aa8567a6eed03c531fc89d3f711cd0e5259dec75"

diff@^3.1.0, diff@^3.2.0:
  version "3.4.0"
  resolved "https://registry.yarnpkg.com/diff/-/diff-3.4.0.tgz#b1d85507daf3964828de54b37d0d73ba67dda56c"

dir-glob@^2.0.0:
  version "2.0.0"
  resolved "https://registry.yarnpkg.com/dir-glob/-/dir-glob-2.0.0.tgz#0b205d2b6aef98238ca286598a8204d29d0a0034"
  dependencies:
    arrify "^1.0.1"
    path-type "^3.0.0"

doctrine@^0.7.2:
  version "0.7.2"
  resolved "https://registry.yarnpkg.com/doctrine/-/doctrine-0.7.2.tgz#7cb860359ba3be90e040b26b729ce4bfa654c523"
  dependencies:
    esutils "^1.1.6"
    isarray "0.0.1"

escape-string-regexp@1.0.5, escape-string-regexp@^1.0.0, escape-string-regexp@^1.0.2, escape-string-regexp@^1.0.5:
  version "1.0.5"
  resolved "https://registry.yarnpkg.com/escape-string-regexp/-/escape-string-regexp-1.0.5.tgz#1b61c0562190a8dff6ae3bb2cf0200ca130b86d4"

esprima@^4.0.0:
  version "4.0.0"
  resolved "https://registry.yarnpkg.com/esprima/-/esprima-4.0.0.tgz#4499eddcd1110e0b218bacf2fa7f7f59f55ca804"

esprima@~3.0.0:
  version "3.0.0"
  resolved "https://registry.yarnpkg.com/esprima/-/esprima-3.0.0.tgz#53cf247acda77313e551c3aa2e73342d3fb4f7d9"

esutils@^1.1.6:
  version "1.1.6"
  resolved "https://registry.yarnpkg.com/esutils/-/esutils-1.1.6.tgz#c01ccaa9ae4b897c6d0c3e210ae52f3c7a844375"

esutils@^2.0.2:
  version "2.0.2"
  resolved "https://registry.yarnpkg.com/esutils/-/esutils-2.0.2.tgz#0abf4f1caa5bcb1f7a9d8acc6dea4faaa04bac9b"

execa@^0.9.0:
  version "0.9.0"
  resolved "https://registry.yarnpkg.com/execa/-/execa-0.9.0.tgz#adb7ce62cf985071f60580deb4a88b9e34712d01"
  dependencies:
    cross-spawn "^5.0.1"
    get-stream "^3.0.0"
    is-stream "^1.1.0"
    npm-run-path "^2.0.0"
    p-finally "^1.0.0"
    signal-exit "^3.0.0"
    strip-eof "^1.0.0"

extract-stack@^1.0.0:
  version "1.0.0"
  resolved "https://registry.yarnpkg.com/extract-stack/-/extract-stack-1.0.0.tgz#b97acaf9441eea2332529624b732fc5a1c8165fa"

fancy-test@^1.0.1:
  version "1.0.1"
  resolved "https://registry.yarnpkg.com/fancy-test/-/fancy-test-1.0.1.tgz#28eb801dffc341d7202ed90b6944019922b08b5b"
  dependencies:
    lodash "^4.17.4"
    stdout-stderr "^0.1.6"

fs-extra@^5.0.0:
  version "5.0.0"
  resolved "https://registry.yarnpkg.com/fs-extra/-/fs-extra-5.0.0.tgz#414d0110cdd06705734d055652c5411260c31abd"
  dependencies:
    graceful-fs "^4.1.2"
    jsonfile "^4.0.0"
    universalify "^0.1.0"

fs.realpath@^1.0.0:
  version "1.0.0"
  resolved "https://registry.yarnpkg.com/fs.realpath/-/fs.realpath-1.0.0.tgz#1504ad2523158caa40db4a2787cb01411994ea4f"

get-func-name@^2.0.0:
  version "2.0.0"
  resolved "https://registry.yarnpkg.com/get-func-name/-/get-func-name-2.0.0.tgz#ead774abee72e20409433a066366023dd6887a41"

get-stream@^3.0.0:
  version "3.0.0"
  resolved "https://registry.yarnpkg.com/get-stream/-/get-stream-3.0.0.tgz#8e943d1358dc37555054ecbe2edb05aa174ede14"

glob@7.1.2, glob@^7.1.1, glob@^7.1.2:
  version "7.1.2"
  resolved "https://registry.yarnpkg.com/glob/-/glob-7.1.2.tgz#c19c9df9a028702d678612384a6552404c636d15"
  dependencies:
    fs.realpath "^1.0.0"
    inflight "^1.0.4"
    inherits "2"
    minimatch "^3.0.4"
    once "^1.3.0"
    path-is-absolute "^1.0.0"

globby@^7.1.1:
  version "7.1.1"
  resolved "https://registry.yarnpkg.com/globby/-/globby-7.1.1.tgz#fb2ccff9401f8600945dfada97440cca972b8680"
  dependencies:
    array-union "^1.0.1"
    dir-glob "^2.0.0"
    glob "^7.1.2"
    ignore "^3.3.5"
    pify "^3.0.0"
    slash "^1.0.0"

graceful-fs@^4.1.2, graceful-fs@^4.1.6:
  version "4.1.11"
  resolved "https://registry.yarnpkg.com/graceful-fs/-/graceful-fs-4.1.11.tgz#0e8bdfe4d1ddb8854d64e04ea7c00e2a026e5658"

growl@1.10.3:
  version "1.10.3"
  resolved "https://registry.yarnpkg.com/growl/-/growl-1.10.3.tgz#1926ba90cf3edfe2adb4927f5880bc22c66c790f"

has-ansi@^0.1.0:
  version "0.1.0"
  resolved "https://registry.yarnpkg.com/has-ansi/-/has-ansi-0.1.0.tgz#84f265aae8c0e6a88a12d7022894b7568894c62e"
  dependencies:
    ansi-regex "^0.2.0"

has-ansi@^2.0.0:
  version "2.0.0"
  resolved "https://registry.yarnpkg.com/has-ansi/-/has-ansi-2.0.0.tgz#34f5049ce1ecdf2b0649af3ef24e45ed35416d91"
  dependencies:
    ansi-regex "^2.0.0"

has-flag@^1.0.0:
  version "1.0.0"
  resolved "https://registry.yarnpkg.com/has-flag/-/has-flag-1.0.0.tgz#9d9e793165ce017a00f00418c43f942a7b1d11fa"

has-flag@^2.0.0:
  version "2.0.0"
  resolved "https://registry.yarnpkg.com/has-flag/-/has-flag-2.0.0.tgz#e8207af1cc7b30d446cc70b734b5e8be18f88d51"

has-flag@^3.0.0:
  version "3.0.0"
  resolved "https://registry.yarnpkg.com/has-flag/-/has-flag-3.0.0.tgz#b5d454dc2199ae225699f3467e5a07f3b955bafd"

he@1.1.1:
  version "1.1.1"
  resolved "https://registry.yarnpkg.com/he/-/he-1.1.1.tgz#93410fd21b009735151f8868c2f271f3427e23fd"

heroku-client@3.0.6:
  version "3.0.6"
  resolved "https://registry.yarnpkg.com/heroku-client/-/heroku-client-3.0.6.tgz#bf603716a9d469682d4f7f80489276d82b896305"
  dependencies:
    is-retry-allowed "^1.0.0"
    tunnel-agent "^0.6.0"

homedir-polyfill@^1.0.1:
  version "1.0.1"
  resolved "https://registry.yarnpkg.com/homedir-polyfill/-/homedir-polyfill-1.0.1.tgz#4c2bbc8a758998feebf5ed68580f76d46768b4bc"
  dependencies:
    parse-passwd "^1.0.0"

hosted-git-info@^2.1.4:
  version "2.5.0"
  resolved "https://registry.yarnpkg.com/hosted-git-info/-/hosted-git-info-2.5.0.tgz#6d60e34b3abbc8313062c3b798ef8d901a07af3c"

http-call@^5.0.2:
  version "5.0.2"
  resolved "https://registry.yarnpkg.com/http-call/-/http-call-5.0.2.tgz#21bec3655f1631de128c0cdaa470777b1fbbc365"
  dependencies:
    content-type "^1.0.4"
    debug "^3.1.0"
    is-retry-allowed "^1.1.0"
    is-stream "^1.1.0"
    tslib "^1.8.1"
    tunnel-agent "^0.6.0"

ignore@^3.3.5:
  version "3.3.7"
  resolved "https://registry.yarnpkg.com/ignore/-/ignore-3.3.7.tgz#612289bfb3c220e186a58118618d5be8c1bab021"

indent-string@^3.2.0:
  version "3.2.0"
  resolved "https://registry.yarnpkg.com/indent-string/-/indent-string-3.2.0.tgz#4a5fd6d27cc332f37e5419a504dbb837105c9289"

inflight@^1.0.4:
  version "1.0.6"
  resolved "https://registry.yarnpkg.com/inflight/-/inflight-1.0.6.tgz#49bd6331d7d02d0c09bc910a1075ba8165b56df9"
  dependencies:
    once "^1.3.0"
    wrappy "1"

inherits@2:
  version "2.0.3"
  resolved "https://registry.yarnpkg.com/inherits/-/inherits-2.0.3.tgz#633c2c83e3da42a502f52466022480f4208261de"

is-builtin-module@^1.0.0:
  version "1.0.0"
  resolved "https://registry.yarnpkg.com/is-builtin-module/-/is-builtin-module-1.0.0.tgz#540572d34f7ac3119f8f76c30cbc1b1e037affbe"
  dependencies:
    builtin-modules "^1.0.0"

is-fullwidth-code-point@^2.0.0:
  version "2.0.0"
  resolved "https://registry.yarnpkg.com/is-fullwidth-code-point/-/is-fullwidth-code-point-2.0.0.tgz#a3b30a5c4f199183167aaab93beefae3ddfb654f"

is-retry-allowed@^1.0.0, is-retry-allowed@^1.1.0:
  version "1.1.0"
  resolved "https://registry.yarnpkg.com/is-retry-allowed/-/is-retry-allowed-1.1.0.tgz#11a060568b67339444033d0125a61a20d564fb34"

is-stream@^1.1.0:
  version "1.1.0"
  resolved "https://registry.yarnpkg.com/is-stream/-/is-stream-1.1.0.tgz#12d4a3dd4e68e0b79ceb8dbc84173ae80d91ca44"

isarray@0.0.1:
  version "0.0.1"
  resolved "https://registry.yarnpkg.com/isarray/-/isarray-0.0.1.tgz#8a18acfca9a8f4177e09abfc6038939b05d1eedf"

isexe@^2.0.0:
  version "2.0.0"
  resolved "https://registry.yarnpkg.com/isexe/-/isexe-2.0.0.tgz#e8fbf374dc556ff8947a10dcb0572d633f2cfa10"

js-tokens@^3.0.2:
  version "3.0.2"
  resolved "https://registry.yarnpkg.com/js-tokens/-/js-tokens-3.0.2.tgz#9866df395102130e38f7f996bceb65443209c25b"

js-yaml@^3.7.0:
  version "3.10.0"
  resolved "https://registry.yarnpkg.com/js-yaml/-/js-yaml-3.10.0.tgz#2e78441646bd4682e963f22b6e92823c309c62dc"
  dependencies:
    argparse "^1.0.7"
    esprima "^4.0.0"

json-stringify-safe@^5.0.1:
  version "5.0.1"
  resolved "https://registry.yarnpkg.com/json-stringify-safe/-/json-stringify-safe-5.0.1.tgz#1296a2d58fd45f19a0f6ce01d65701e2c735b6eb"

jsonfile@^4.0.0:
  version "4.0.0"
  resolved "https://registry.yarnpkg.com/jsonfile/-/jsonfile-4.0.0.tgz#8771aae0799b64076b76640fca058f9c10e33ecb"
  optionalDependencies:
    graceful-fs "^4.1.6"

lex@^1.7.9:
  version "1.7.9"
  resolved "https://registry.yarnpkg.com/lex/-/lex-1.7.9.tgz#5d5636ccef574348362938b79a47f0eed8ed0d43"

lodash._reinterpolate@~3.0.0:
  version "3.0.0"
  resolved "https://registry.yarnpkg.com/lodash._reinterpolate/-/lodash._reinterpolate-3.0.0.tgz#0ccf2d89166af03b3663c796538b75ac6e114d9d"

lodash.template@^4.4.0:
  version "4.4.0"
  resolved "https://registry.yarnpkg.com/lodash.template/-/lodash.template-4.4.0.tgz#e73a0385c8355591746e020b99679c690e68fba0"
  dependencies:
    lodash._reinterpolate "~3.0.0"
    lodash.templatesettings "^4.0.0"

lodash.templatesettings@^4.0.0:
  version "4.1.0"
  resolved "https://registry.yarnpkg.com/lodash.templatesettings/-/lodash.templatesettings-4.1.0.tgz#2b4d4e95ba440d915ff08bc899e4553666713316"
  dependencies:
    lodash._reinterpolate "~3.0.0"

lodash@^4.17.4, lodash@^4.17.5, lodash@^4.5.1, lodash@~4.17.2:
  version "4.17.5"
  resolved "https://registry.yarnpkg.com/lodash/-/lodash-4.17.5.tgz#99a92d65c0272debe8c96b6057bc8fbfa3bed511"

lru-cache@^4.0.1:
  version "4.1.1"
  resolved "https://registry.yarnpkg.com/lru-cache/-/lru-cache-4.1.1.tgz#622e32e82488b49279114a4f9ecf45e7cd6bba55"
  dependencies:
    pseudomap "^1.0.2"
    yallist "^2.1.2"

make-error@^1.1.1:
  version "1.3.3"
  resolved "https://registry.yarnpkg.com/make-error/-/make-error-1.3.3.tgz#a97ae14ffd98b05f543e83ddc395e1b2b6e4cc6a"

minimatch@^3.0.4:
  version "3.0.4"
  resolved "https://registry.yarnpkg.com/minimatch/-/minimatch-3.0.4.tgz#5166e286457f03306064be5497e8dbb0c3d32083"
  dependencies:
    brace-expansion "^1.1.7"

minimist@0.0.8:
  version "0.0.8"
  resolved "https://registry.yarnpkg.com/minimist/-/minimist-0.0.8.tgz#857fcabfc3397d2625b8228262e86aa7a011b05d"

minimist@^1.2.0:
  version "1.2.0"
  resolved "https://registry.yarnpkg.com/minimist/-/minimist-1.2.0.tgz#a35008b20f41383eec1fb914f4cd5df79a264284"

mkdirp@0.5.1, mkdirp@^0.5.0, mkdirp@^0.5.1:
  version "0.5.1"
  resolved "https://registry.yarnpkg.com/mkdirp/-/mkdirp-0.5.1.tgz#30057438eac6cf7f8c4767f38648d6697d75c903"
  dependencies:
    minimist "0.0.8"

mocha@^5.0.0:
  version "5.0.0"
  resolved "https://registry.yarnpkg.com/mocha/-/mocha-5.0.0.tgz#cccac988b0bc5477119cba0e43de7af6d6ad8f4e"
  dependencies:
    browser-stdout "1.3.0"
    commander "2.11.0"
    debug "3.1.0"
    diff "3.3.1"
    escape-string-regexp "1.0.5"
    glob "7.1.2"
    growl "1.10.3"
    he "1.1.1"
    mkdirp "0.5.1"
    supports-color "4.4.0"

ms@2.0.0:
  version "2.0.0"
  resolved "https://registry.yarnpkg.com/ms/-/ms-2.0.0.tgz#5608aeadfc00be6c2901df5f9861788de0d597c8"

netrc-parser@^3.0.3:
  version "3.1.0"
  resolved "https://registry.yarnpkg.com/netrc-parser/-/netrc-parser-3.1.0.tgz#fefaadbe6de86676195709718c40e40e4733ca91"
  dependencies:
    execa "^0.9.0"
    lex "^1.7.9"

nock@^9.1.6:
  version "9.1.6"
  resolved "https://registry.yarnpkg.com/nock/-/nock-9.1.6.tgz#16395af4c45b0fd84d1a4a9668154e16fa6624db"
  dependencies:
    chai ">=1.9.2 <4.0.0"
    debug "^2.2.0"
    deep-equal "^1.0.0"
    json-stringify-safe "^5.0.1"
    lodash "~4.17.2"
    mkdirp "^0.5.0"
    propagate "0.4.0"
    qs "^6.5.1"
    semver "^5.3.0"

normalize-package-data@^2.4.0:
  version "2.4.0"
  resolved "https://registry.yarnpkg.com/normalize-package-data/-/normalize-package-data-2.4.0.tgz#12f95a307d58352075a04907b84ac8be98ac012f"
  dependencies:
    hosted-git-info "^2.1.4"
    is-builtin-module "^1.0.0"
    semver "2 || 3 || 4 || 5"
    validate-npm-package-license "^3.0.1"

npm-run-path@^2.0.0:
  version "2.0.2"
  resolved "https://registry.yarnpkg.com/npm-run-path/-/npm-run-path-2.0.2.tgz#35a9232dfa35d7067b4cb2ddf2357b1871536c5f"
  dependencies:
    path-key "^2.0.0"

once@^1.3.0:
  version "1.4.0"
  resolved "https://registry.yarnpkg.com/once/-/once-1.4.0.tgz#583b1aa775961d4b113ac17d9c50baef9dd76bd1"
  dependencies:
    wrappy "1"

p-finally@^1.0.0:
  version "1.0.0"
  resolved "https://registry.yarnpkg.com/p-finally/-/p-finally-1.0.0.tgz#3fbcfb15b899a44123b34b6dcc18b724336a2cae"

parse-passwd@^1.0.0:
  version "1.0.0"
  resolved "https://registry.yarnpkg.com/parse-passwd/-/parse-passwd-1.0.0.tgz#6d5b934a456993b23d37f40a382d6f1666a8e5c6"

password-prompt@^1.0.4:
  version "1.0.4"
  resolved "https://registry.yarnpkg.com/password-prompt/-/password-prompt-1.0.4.tgz#933bac8db3528fcb27e9fdbc0a6592adcbdb5ed9"
  dependencies:
    ansi-escapes "^3.0.0"
    cross-spawn "^5.1.0"

path-extra@^1.0.2:
  version "1.0.3"
  resolved "https://registry.yarnpkg.com/path-extra/-/path-extra-1.0.3.tgz#7c112189a6e50d595790e7ad2037e44e410c1166"

path-is-absolute@^1.0.0:
  version "1.0.1"
  resolved "https://registry.yarnpkg.com/path-is-absolute/-/path-is-absolute-1.0.1.tgz#174b9268735534ffbc7ace6bf53a5a9e1b5c5f5f"

path-key@^2.0.0:
  version "2.0.1"
  resolved "https://registry.yarnpkg.com/path-key/-/path-key-2.0.1.tgz#411cadb574c5a140d3a4b1910d40d80cc9f40b40"

path-parse@^1.0.5:
  version "1.0.5"
  resolved "https://registry.yarnpkg.com/path-parse/-/path-parse-1.0.5.tgz#3c1adf871ea9cd6c9431b6ea2bd74a0ff055c4c1"

path-type@^3.0.0:
  version "3.0.0"
  resolved "https://registry.yarnpkg.com/path-type/-/path-type-3.0.0.tgz#cef31dc8e0a1a3bb0d105c0cd97cf3bf47f4e36f"
  dependencies:
    pify "^3.0.0"

pathval@^1.0.0:
  version "1.1.0"
  resolved "https://registry.yarnpkg.com/pathval/-/pathval-1.1.0.tgz#b942e6d4bde653005ef6b71361def8727d0645e0"

pify@^3.0.0:
  version "3.0.0"
  resolved "https://registry.yarnpkg.com/pify/-/pify-3.0.0.tgz#e5a4acd2c101fdf3d9a4d07f0dbc4db49dd28176"

propagate@0.4.0:
  version "0.4.0"
  resolved "https://registry.yarnpkg.com/propagate/-/propagate-0.4.0.tgz#f3fcca0a6fe06736a7ba572966069617c130b481"

pseudomap@^1.0.2:
  version "1.0.2"
  resolved "https://registry.yarnpkg.com/pseudomap/-/pseudomap-1.0.2.tgz#f052a28da70e618917ef0a8ac34c1ae5a68286b3"

qs@^6.5.1:
  version "6.5.1"
  resolved "https://registry.yarnpkg.com/qs/-/qs-6.5.1.tgz#349cdf6eef89ec45c12d7d5eb3fc0c870343a6d8"

redeyed@~1.0.0:
  version "1.0.1"
  resolved "https://registry.yarnpkg.com/redeyed/-/redeyed-1.0.1.tgz#e96c193b40c0816b00aec842698e61185e55498a"
  dependencies:
    esprima "~3.0.0"

require-resolve@^0.0.2:
  version "0.0.2"
  resolved "https://registry.yarnpkg.com/require-resolve/-/require-resolve-0.0.2.tgz#bab410ab1aee2f3f55b79317451dd3428764e6f3"
  dependencies:
    x-path "^0.0.2"

resolve@^1.3.2:
  version "1.5.0"
  resolved "https://registry.yarnpkg.com/resolve/-/resolve-1.5.0.tgz#1f09acce796c9a762579f31b2c1cc4c3cddf9f36"
  dependencies:
    path-parse "^1.0.5"

rx@2.3.24:
  version "2.3.24"
  resolved "https://registry.yarnpkg.com/rx/-/rx-2.3.24.tgz#14f950a4217d7e35daa71bbcbe58eff68ea4b2b7"

safe-buffer@^5.0.1:
  version "5.1.1"
  resolved "https://registry.yarnpkg.com/safe-buffer/-/safe-buffer-5.1.1.tgz#893312af69b2123def71f57889001671eeb2c853"

"semver@2 || 3 || 4 || 5", semver@^5.3.0, semver@^5.5.0:
  version "5.5.0"
  resolved "https://registry.yarnpkg.com/semver/-/semver-5.5.0.tgz#dc4bbc7a6ca9d916dee5d43516f0092b58f7b8ab"

shebang-command@^1.2.0:
  version "1.2.0"
  resolved "https://registry.yarnpkg.com/shebang-command/-/shebang-command-1.2.0.tgz#44aac65b695b03398968c39f363fee5deafdf1ea"
  dependencies:
    shebang-regex "^1.0.0"

shebang-regex@^1.0.0:
  version "1.0.0"
  resolved "https://registry.yarnpkg.com/shebang-regex/-/shebang-regex-1.0.0.tgz#da42f49740c0b42db2ca9728571cb190c98efea3"

signal-exit@^3.0.0:
  version "3.0.2"
  resolved "https://registry.yarnpkg.com/signal-exit/-/signal-exit-3.0.2.tgz#b5fdc08f1287ea1178628e415e25132b73646c6d"

slash@^1.0.0:
  version "1.0.0"
  resolved "https://registry.yarnpkg.com/slash/-/slash-1.0.0.tgz#c41f2f6c39fc16d1cd17ad4b5d896114ae470d55"

source-map-support@^0.5.0:
  version "0.5.3"
  resolved "https://registry.yarnpkg.com/source-map-support/-/source-map-support-0.5.3.tgz#2b3d5fff298cfa4d1afd7d4352d569e9a0158e76"
  dependencies:
    source-map "^0.6.0"

source-map@^0.6.0:
  version "0.6.1"
  resolved "https://registry.yarnpkg.com/source-map/-/source-map-0.6.1.tgz#74722af32e9614e9c287a8d0bbde48b5e2f1a263"

spawn-command@^0.0.2-1:
  version "0.0.2-1"
  resolved "https://registry.yarnpkg.com/spawn-command/-/spawn-command-0.0.2-1.tgz#62f5e9466981c1b796dc5929937e11c9c6921bd0"

spdx-correct@~1.0.0:
  version "1.0.2"
  resolved "https://registry.yarnpkg.com/spdx-correct/-/spdx-correct-1.0.2.tgz#4b3073d933ff51f3912f03ac5519498a4150db40"
  dependencies:
    spdx-license-ids "^1.0.2"

spdx-expression-parse@~1.0.0:
  version "1.0.4"
  resolved "https://registry.yarnpkg.com/spdx-expression-parse/-/spdx-expression-parse-1.0.4.tgz#9bdf2f20e1f40ed447fbe273266191fced51626c"

spdx-license-ids@^1.0.2:
  version "1.2.2"
  resolved "https://registry.yarnpkg.com/spdx-license-ids/-/spdx-license-ids-1.2.2.tgz#c9df7a3424594ade6bd11900d596696dc06bac57"

sprintf-js@~1.0.2:
  version "1.0.3"
  resolved "https://registry.yarnpkg.com/sprintf-js/-/sprintf-js-1.0.3.tgz#04e6926f662895354f3dd015203633b857297e2c"

stdout-stderr@^0.1.6:
  version "0.1.7"
  resolved "https://registry.yarnpkg.com/stdout-stderr/-/stdout-stderr-0.1.7.tgz#f3f69391f3e721c2c52aa92fbfa18b8a6e9ce3df"
  dependencies:
    strip-ansi "^4.0.0"

string-width@^2.1.1:
  version "2.1.1"
  resolved "https://registry.yarnpkg.com/string-width/-/string-width-2.1.1.tgz#ab93f27a8dc13d28cac815c462143a6d9012ae9e"
  dependencies:
    is-fullwidth-code-point "^2.0.0"
    strip-ansi "^4.0.0"

strip-ansi@^0.3.0:
  version "0.3.0"
  resolved "https://registry.yarnpkg.com/strip-ansi/-/strip-ansi-0.3.0.tgz#25f48ea22ca79187f3174a4db8759347bb126220"
  dependencies:
    ansi-regex "^0.2.1"

strip-ansi@^3.0.0:
  version "3.0.1"
  resolved "https://registry.yarnpkg.com/strip-ansi/-/strip-ansi-3.0.1.tgz#6a385fb8853d952d5ff05d0e8aaf94278dc63dcf"
  dependencies:
    ansi-regex "^2.0.0"

strip-ansi@^4.0.0:
  version "4.0.0"
  resolved "https://registry.yarnpkg.com/strip-ansi/-/strip-ansi-4.0.0.tgz#a8479022eb1ac368a871389b635262c505ee368f"
  dependencies:
    ansi-regex "^3.0.0"

strip-bom@^3.0.0:
  version "3.0.0"
  resolved "https://registry.yarnpkg.com/strip-bom/-/strip-bom-3.0.0.tgz#2334c18e9c759f7bdd56fdef7e9ae3d588e68ed3"

strip-eof@^1.0.0:
  version "1.0.0"
  resolved "https://registry.yarnpkg.com/strip-eof/-/strip-eof-1.0.0.tgz#bb43ff5598a6eb05d89b59fcd129c983313606bf"

strip-json-comments@^2.0.0:
  version "2.0.1"
  resolved "https://registry.yarnpkg.com/strip-json-comments/-/strip-json-comments-2.0.1.tgz#3c531942e908c2697c0ec344858c286c7ca0a60a"

supports-color@4.4.0:
  version "4.4.0"
  resolved "https://registry.yarnpkg.com/supports-color/-/supports-color-4.4.0.tgz#883f7ddabc165142b2a61427f3352ded195d1a3e"
  dependencies:
    has-flag "^2.0.0"

supports-color@^0.2.0:
  version "0.2.0"
  resolved "https://registry.yarnpkg.com/supports-color/-/supports-color-0.2.0.tgz#d92de2694eb3f67323973d7ae3d8b55b4c22190a"

supports-color@^2.0.0:
  version "2.0.0"
  resolved "https://registry.yarnpkg.com/supports-color/-/supports-color-2.0.0.tgz#535d045ce6b6363fa40117084629995e9df324c7"

supports-color@^3.2.3:
  version "3.2.3"
  resolved "https://registry.yarnpkg.com/supports-color/-/supports-color-3.2.3.tgz#65ac0504b3954171d8a64946b2ae3cbb8a5f54f6"
  dependencies:
    has-flag "^1.0.0"

supports-color@^5.1.0, supports-color@^5.2.0:
  version "5.2.0"
  resolved "https://registry.yarnpkg.com/supports-color/-/supports-color-5.2.0.tgz#b0d5333b1184dd3666cbe5aa0b45c5ac7ac17a4a"
  dependencies:
    has-flag "^3.0.0"

tree-kill@^1.1.0:
  version "1.2.0"
  resolved "https://registry.yarnpkg.com/tree-kill/-/tree-kill-1.2.0.tgz#5846786237b4239014f05db156b643212d4c6f36"

ts-node@^4.1.0:
  version "4.1.0"
  resolved "https://registry.yarnpkg.com/ts-node/-/ts-node-4.1.0.tgz#36d9529c7b90bb993306c408cd07f7743de20712"
  dependencies:
    arrify "^1.0.0"
    chalk "^2.3.0"
    diff "^3.1.0"
    make-error "^1.1.1"
    minimist "^1.2.0"
    mkdirp "^0.5.1"
    source-map-support "^0.5.0"
    tsconfig "^7.0.0"
    v8flags "^3.0.0"
    yn "^2.0.0"

tsconfig@^7.0.0:
  version "7.0.0"
  resolved "https://registry.yarnpkg.com/tsconfig/-/tsconfig-7.0.0.tgz#84538875a4dc216e5c4a5432b3a4dec3d54e91b7"
  dependencies:
    "@types/strip-bom" "^3.0.0"
    "@types/strip-json-comments" "0.0.30"
    strip-bom "^3.0.0"
    strip-json-comments "^2.0.0"

tslib@^1.0.0, tslib@^1.7.1, tslib@^1.8.0, tslib@^1.8.1:
  version "1.9.0"
  resolved "https://registry.yarnpkg.com/tslib/-/tslib-1.9.0.tgz#e37a86fda8cbbaf23a057f473c9f4dc64e5fc2e8"

tslint-config-prettier@*:
  version "1.7.0"
  resolved "https://registry.yarnpkg.com/tslint-config-prettier/-/tslint-config-prettier-1.7.0.tgz#1588f794c6863ba31420e8b1d14ae91326063815"

tslint-consistent-codestyle@^1.11.0:
  version "1.11.1"
  resolved "https://registry.yarnpkg.com/tslint-consistent-codestyle/-/tslint-consistent-codestyle-1.11.1.tgz#fa39ff5f5f8a25c537bd1e1f50de6190a2f4d70d"
  dependencies:
    tslib "^1.7.1"
    tsutils "^2.21.0"

tslint-eslint-rules@^4.1.1:
  version "4.1.1"
  resolved "https://registry.yarnpkg.com/tslint-eslint-rules/-/tslint-eslint-rules-4.1.1.tgz#7c30e7882f26bc276bff91d2384975c69daf88ba"
  dependencies:
    doctrine "^0.7.2"
    tslib "^1.0.0"
    tsutils "^1.4.0"

tslint-microsoft-contrib@^5.0.2:
  version "5.0.2"
  resolved "https://registry.yarnpkg.com/tslint-microsoft-contrib/-/tslint-microsoft-contrib-5.0.2.tgz#ecc2a797f777a12f0066944cec0c81a9e7c59ee9"
  dependencies:
    tsutils "^2.12.1"

tslint-xo@^0.6.0:
  version "0.6.0"
  resolved "https://registry.yarnpkg.com/tslint-xo/-/tslint-xo-0.6.0.tgz#95a05b8dcac7aaa1f4d6ca1397a3c4c45a8b848e"
  dependencies:
    tslint-consistent-codestyle "^1.11.0"
    tslint-eslint-rules "^4.1.1"
    tslint-microsoft-contrib "^5.0.2"

tslint@5.9.1, tslint@^5.8.0, tslint@^5.9.1:
  version "5.9.1"
  resolved "https://registry.yarnpkg.com/tslint/-/tslint-5.9.1.tgz#1255f87a3ff57eb0b0e1f0e610a8b4748046c9ae"
  dependencies:
    babel-code-frame "^6.22.0"
    builtin-modules "^1.1.1"
    chalk "^2.3.0"
    commander "^2.12.1"
    diff "^3.2.0"
    glob "^7.1.1"
    js-yaml "^3.7.0"
    minimatch "^3.0.4"
    resolve "^1.3.2"
    semver "^5.3.0"
    tslib "^1.8.0"
    tsutils "^2.12.1"

tsutils@^1.4.0:
  version "1.9.1"
  resolved "https://registry.yarnpkg.com/tsutils/-/tsutils-1.9.1.tgz#b9f9ab44e55af9681831d5f28d0aeeaf5c750cb0"

tsutils@^2.12.1, tsutils@^2.21.0:
  version "2.21.1"
  resolved "https://registry.yarnpkg.com/tsutils/-/tsutils-2.21.1.tgz#5b23c263233300ed7442b4217855cbc7547c296a"
  dependencies:
    tslib "^1.8.1"

tunnel-agent@^0.6.0:
  version "0.6.0"
  resolved "https://registry.yarnpkg.com/tunnel-agent/-/tunnel-agent-0.6.0.tgz#27a5dea06b36b04a0a9966774b290868f0fc40fd"
  dependencies:
    safe-buffer "^5.0.1"

type-detect@0.1.1:
  version "0.1.1"
  resolved "https://registry.yarnpkg.com/type-detect/-/type-detect-0.1.1.tgz#0ba5ec2a885640e470ea4e8505971900dac58822"

type-detect@^1.0.0:
  version "1.0.0"
  resolved "https://registry.yarnpkg.com/type-detect/-/type-detect-1.0.0.tgz#762217cc06db258ec48908a1298e8b95121e8ea2"

type-detect@^4.0.0:
  version "4.0.8"
  resolved "https://registry.yarnpkg.com/type-detect/-/type-detect-4.0.8.tgz#7646fb5f18871cfbb7749e69bd39a6388eb7450c"

typescript@^2.7.1:
  version "2.7.1"
  resolved "https://registry.yarnpkg.com/typescript/-/typescript-2.7.1.tgz#bb3682c2c791ac90e7c6210b26478a8da085c359"

universalify@^0.1.0:
  version "0.1.1"
  resolved "https://registry.yarnpkg.com/universalify/-/universalify-0.1.1.tgz#fa71badd4437af4c148841e3b3b165f9e9e590b7"

v8flags@^3.0.0:
  version "3.0.1"
  resolved "https://registry.yarnpkg.com/v8flags/-/v8flags-3.0.1.tgz#dce8fc379c17d9f2c9e9ed78d89ce00052b1b76b"
  dependencies:
    homedir-polyfill "^1.0.1"

validate-npm-package-license@^3.0.1:
  version "3.0.1"
  resolved "https://registry.yarnpkg.com/validate-npm-package-license/-/validate-npm-package-license-3.0.1.tgz#2804babe712ad3379459acfbe24746ab2c303fbc"
  dependencies:
    spdx-correct "~1.0.0"
    spdx-expression-parse "~1.0.0"

which@^1.2.9:
  version "1.3.0"
  resolved "https://registry.yarnpkg.com/which/-/which-1.3.0.tgz#ff04bdfc010ee547d780bec38e1ac1c2777d253a"
  dependencies:
    isexe "^2.0.0"

widest-line@^2.0.0:
  version "2.0.0"
  resolved "https://registry.yarnpkg.com/widest-line/-/widest-line-2.0.0.tgz#0142a4e8a243f8882c0233aa0e0281aa76152273"
  dependencies:
    string-width "^2.1.1"

wrap-ansi@^3.0.1:
  version "3.0.1"
  resolved "https://registry.yarnpkg.com/wrap-ansi/-/wrap-ansi-3.0.1.tgz#288a04d87eda5c286e060dfe8f135ce8d007f8ba"
  dependencies:
    string-width "^2.1.1"
    strip-ansi "^4.0.0"

wrappy@1:
  version "1.0.2"
  resolved "https://registry.yarnpkg.com/wrappy/-/wrappy-1.0.2.tgz#b5243d8f3ec1aa35f1364605bc0d1036e30ab69f"

x-path@^0.0.2:
  version "0.0.2"
  resolved "https://registry.yarnpkg.com/x-path/-/x-path-0.0.2.tgz#294d076bb97a7706cc070bbb2a6fd8c54df67b12"
  dependencies:
    path-extra "^1.0.2"

yallist@^2.1.2:
  version "2.1.2"
  resolved "https://registry.yarnpkg.com/yallist/-/yallist-2.1.2.tgz#1c11f9218f076089a47dd512f93c6699a6a81d52"

yn@^2.0.0:
  version "2.0.0"
  resolved "https://registry.yarnpkg.com/yn/-/yn-2.0.0.tgz#e5adabc8acf408f6385fc76495684c88e6af689a"
